// !$*UTF8*$!
{
	archiveVersion = 1;
	classes = {
	};
	objectVersion = 56;
	objects = {

/* Begin PBXBuildFile section */
		4BE1D14C6CA6CBE51A0DC2F7 /* Pods_CoreStructure_iOS.framework in Frameworks */ = {isa = PBXBuildFile; fileRef = D11530C57B2D2D4D5E0D1486 /* Pods_CoreStructure_iOS.framework */; };
		FA494BA52C69EB9C0086D346 /* Main.storyboard in Resources */ = {isa = PBXBuildFile; fileRef = FA494BA32C69EB9C0086D346 /* Main.storyboard */; };
		FA494BA72C69EBD70086D346 /* Assets.xcassets in Resources */ = {isa = PBXBuildFile; fileRef = FA494BA62C69EBD70086D346 /* Assets.xcassets */; };
		FA494BAA2C69EBD70086D346 /* LaunchScreen.storyboard in Resources */ = {isa = PBXBuildFile; fileRef = FA494BA82C69EBD70086D346 /* LaunchScreen.storyboard */; };
		FA7FF8E82CDC722B00C824BD /* Localizable.strings in Resources */ = {isa = PBXBuildFile; fileRef = FA7FF8EA2CDC722B00C824BD /* Localizable.strings */; };
		FA88F1712CF9BD0000B37C73 /* DashedLineView.swift in Sources */ = {isa = PBXBuildFile; fileRef = FA88F1702CF9BD0000B37C73 /* DashedLineView.swift */; };
		FA88F1732CF9C04800B37C73 /* TriangleView.swift in Sources */ = {isa = PBXBuildFile; fileRef = FA88F1722CF9C04800B37C73 /* TriangleView.swift */; };
		FA992E992CF8B84E007B2EB8 /* GoogleService-Info.plist in Resources */ = {isa = PBXBuildFile; fileRef = FA8D7D782CDBC80200B45826 /* GoogleService-Info.plist */; };
		FA992E9A2CF8BE98007B2EB8 /* AppDelegate.swift in Sources */ = {isa = PBXBuildFile; fileRef = FA494B9D2C69EB9C0086D346 /* AppDelegate.swift */; };
		FA992E9B2CF8BE98007B2EB8 /* SceneDelegate.swift in Sources */ = {isa = PBXBuildFile; fileRef = FA494B9F2C69EB9C0086D346 /* SceneDelegate.swift */; };
		FA992E9C2CF8BE98007B2EB8 /* AppConfiguration.swift in Sources */ = {isa = PBXBuildFile; fileRef = FA8D7D762CDBC71900B45826 /* AppConfiguration.swift */; };
		FA992E9D2CF8BE98007B2EB8 /* Loading.swift in Sources */ = {isa = PBXBuildFile; fileRef = FA494BD72C6A0EC00086D346 /* Loading.swift */; };
		FA992E9E2CF8BE98007B2EB8 /* Endpoints.swift in Sources */ = {isa = PBXBuildFile; fileRef = FA494BD52C6A0DCF0086D346 /* Endpoints.swift */; };
		FA992E9F2CF8BE98007B2EB8 /* ApiManager.swift in Sources */ = {isa = PBXBuildFile; fileRef = FA494BD12C6A0D6D0086D346 /* ApiManager.swift */; };
		FA992EA02CF8BE98007B2EB8 /* DebuggerRespose.swift in Sources */ = {isa = PBXBuildFile; fileRef = FA494BDB2C6A12060086D346 /* DebuggerRespose.swift */; };
		FA992EAA2CF8BE98007B2EB8 /* BVM_VIP_VC.swift in Sources */ = {isa = PBXBuildFile; fileRef = FA887FA42CEB21F100AFD96C /* BVM_VIP_VC.swift */; };
		FA992EAB2CF8BE98007B2EB8 /* BVM_VIP_View.swift in Sources */ = {isa = PBXBuildFile; fileRef = FA887FA62CEB220700AFD96C /* BVM_VIP_View.swift */; };
		FA992EAC2CF8BE98007B2EB8 /* SliderController.swift in Sources */ = {isa = PBXBuildFile; fileRef = FA7C0B2D2CDE1CEB00DDB3E6 /* SliderController.swift */; };
		FA992EAD2CF8BE98007B2EB8 /* LocalizableContoller.swift in Sources */ = {isa = PBXBuildFile; fileRef = FA7FF8DA2CDC662E00C824BD /* LocalizableContoller.swift */; };
		FA992EAE2CF8BE98007B2EB8 /* DragDropTableViewCellContoler.swift in Sources */ = {isa = PBXBuildFile; fileRef = FA88C16B2CDE7E1A00E006D0 /* DragDropTableViewCellContoler.swift */; };
		FA992EAF2CF8BE98007B2EB8 /* LocalNotificationVC.swift in Sources */ = {isa = PBXBuildFile; fileRef = FAEDA5732CD8C72D0031AB43 /* LocalNotificationVC.swift */; };
		FA992EB02CF8BE98007B2EB8 /* GroupDateVC.swift in Sources */ = {isa = PBXBuildFile; fileRef = FAFCDC392CCF940200BACEC5 /* GroupDateVC.swift */; };
		FA992EB12CF8BE98007B2EB8 /* PanGestureVC.swift in Sources */ = {isa = PBXBuildFile; fileRef = FA2356542CCF2D8300BD685B /* PanGestureVC.swift */; };
		FA992EB22CF8BE98007B2EB8 /* DemoFeatureVC.swift in Sources */ = {isa = PBXBuildFile; fileRef = FA837E022C9B31D300213AE4 /* DemoFeatureVC.swift */; };
		FA992EB32CF8BE98007B2EB8 /* ButtonOntheKeyboradVC.swift in Sources */ = {isa = PBXBuildFile; fileRef = FA0664252CD1EA7C00694A9B /* ButtonOntheKeyboradVC.swift */; };
		FA992EB42CF8BE98007B2EB8 /* PanGestureTwoVC.swift in Sources */ = {isa = PBXBuildFile; fileRef = FA06642A2CD21DF700694A9B /* PanGestureTwoVC.swift */; };
		FA992EB52CF8BE98007B2EB8 /* HandleNavigationBarVC.swift in Sources */ = {isa = PBXBuildFile; fileRef = FA89F9372CD363DC00015989 /* HandleNavigationBarVC.swift */; };
		FA992EB62CF8BE98007B2EB8 /* PagViewControllerWithButtonVC.swift in Sources */ = {isa = PBXBuildFile; fileRef = FA88D4082CDB5B65004EE80F /* PagViewControllerWithButtonVC.swift */; };
		FA992EB72CF8BE98007B2EB8 /* OTPVC.swift in Sources */ = {isa = PBXBuildFile; fileRef = FA068B0A2C954E50006A5A58 /* OTPVC.swift */; };
		FA992EB82CF8BE98007B2EB8 /* HtmlVC.swift in Sources */ = {isa = PBXBuildFile; fileRef = FAA80CF92CDC4F81001A8EEA /* HtmlVC.swift */; };
		FA992EB92CF8BE98007B2EB8 /* DragDropCell.swift in Sources */ = {isa = PBXBuildFile; fileRef = FA8061332CF56BAD00CC13E4 /* DragDropCell.swift */; };
		FA992EBA2CF8BE98007B2EB8 /* ScannerController.swift in Sources */ = {isa = PBXBuildFile; fileRef = FA5C30FE2CF5CD45002ABA39 /* ScannerController.swift */; };
		FA992EBB2CF8BE98007B2EB8 /* MenuDragDropCell.swift in Sources */ = {isa = PBXBuildFile; fileRef = FAFCDC572CCF9D7700BACEC5 /* MenuDragDropCell.swift */; };
		FA992EBC2CF8BE98007B2EB8 /* DragDropCollectionVC.swift in Sources */ = {isa = PBXBuildFile; fileRef = FAFCDC582CCF9D7700BACEC5 /* DragDropCollectionVC.swift */; };
		FA992EBD2CF8BE98007B2EB8 /* ExpandedMultipleSectionCell.swift in Sources */ = {isa = PBXBuildFile; fileRef = FAFCDC492CCF993400BACEC5 /* ExpandedMultipleSectionCell.swift */; };
		FA992EBE2CF8BE98007B2EB8 /* ExspandTableVC.swift in Sources */ = {isa = PBXBuildFile; fileRef = FAFCDC4A2CCF993400BACEC5 /* ExspandTableVC.swift */; };
		FA992EBF2CF8BE98007B2EB8 /* ExspandSingleSectionVC.swift in Sources */ = {isa = PBXBuildFile; fileRef = FAFCDC4C2CCF993400BACEC5 /* ExspandSingleSectionVC.swift */; };
		FA992EC02CF8BE98007B2EB8 /* ExpandedMultipleSectionVC.swift in Sources */ = {isa = PBXBuildFile; fileRef = FAFCDC4D2CCF993400BACEC5 /* ExpandedMultipleSectionVC.swift */; };
		FA992EC12CF8BE98007B2EB8 /* GoogleMapsVC.swift in Sources */ = {isa = PBXBuildFile; fileRef = FA89F9392CD3805600015989 /* GoogleMapsVC.swift */; };
		FA992EC22CF8BE98007B2EB8 /* SelfSizingViewController.swift in Sources */ = {isa = PBXBuildFile; fileRef = FA9C00102CCC10A800F277E3 /* SelfSizingViewController.swift */; };
		FA992EC32CF8BE98007B2EB8 /* SplashScreenVC.swift in Sources */ = {isa = PBXBuildFile; fileRef = FA88FD372CCCE1E400FD115B /* SplashScreenVC.swift */; };
		FA992EC42CF8BE98007B2EB8 /* TableHandlerVC.swift in Sources */ = {isa = PBXBuildFile; fileRef = FA8409D52CCA2FD7004293A9 /* TableHandlerVC.swift */; };
		FA992EC52CF8BE98007B2EB8 /* CollectionHandlerVC.swift in Sources */ = {isa = PBXBuildFile; fileRef = FA8409DA2CCA3A67004293A9 /* CollectionHandlerVC.swift */; };
		FA992EC62CF8BE98007B2EB8 /* TestingVC.swift in Sources */ = {isa = PBXBuildFile; fileRef = FA9C00092CCBEE6500F277E3 /* TestingVC.swift */; };
		FA992EC72CF8BE98007B2EB8 /* HomeVC.swift in Sources */ = {isa = PBXBuildFile; fileRef = FA837E072C9BD85A00213AE4 /* HomeVC.swift */; };
		FA992EC82CF8BE98007B2EB8 /* HomeVM.swift in Sources */ = {isa = PBXBuildFile; fileRef = FA837E092C9BDB9900213AE4 /* HomeVM.swift */; };
		FA992EC92CF8BE98007B2EB8 /* Board.swift in Sources */ = {isa = PBXBuildFile; fileRef = FA022D582CB777AE00D3C039 /* Board.swift */; };
		FA992ECA2CF8BE98007B2EB8 /* BoardCollectionVC.swift in Sources */ = {isa = PBXBuildFile; fileRef = FA022D5A2CB777AE00D3C039 /* BoardCollectionVC.swift */; };
		FA992ECB2CF8BE98007B2EB8 /* BoardTableViewCell.swift in Sources */ = {isa = PBXBuildFile; fileRef = FA022D5C2CB777AE00D3C039 /* BoardTableViewCell.swift */; };
		FA992ECC2CF8BE98007B2EB8 /* BoardCollectionViewCell.swift in Sources */ = {isa = PBXBuildFile; fileRef = FA022D5D2CB777AE00D3C039 /* BoardCollectionViewCell.swift */; };
		FA992ECD2CF8BE98007B2EB8 /* CenteringCellVC.swift in Sources */ = {isa = PBXBuildFile; fileRef = FA022D4B2CB76A1C00D3C039 /* CenteringCellVC.swift */; };
		FA992ECE2CF8BE98007B2EB8 /* CardCell.swift in Sources */ = {isa = PBXBuildFile; fileRef = FA022D4D2CB76A5800D3C039 /* CardCell.swift */; };
		FA992ECF2CF8BE98007B2EB8 /* PreventionVC.swift in Sources */ = {isa = PBXBuildFile; fileRef = FA6D52D52C9A748F00710D93 /* PreventionVC.swift */; };
		FA992ED02CF8BE98007B2EB8 /* ListViewController.swift in Sources */ = {isa = PBXBuildFile; fileRef = FA4775CE2C7CA821002DC134 /* ListViewController.swift */; };
		FA992ED12CF8BE98007B2EB8 /* DemoBottomSheetViewController.swift in Sources */ = {isa = PBXBuildFile; fileRef = FA4775C72C7C9924002DC134 /* DemoBottomSheetViewController.swift */; };
		FA992ED22CF8BE98007B2EB8 /* TableViewHandler.swift in Sources */ = {isa = PBXBuildFile; fileRef = FA8409D22CCA2ED5004293A9 /* TableViewHandler.swift */; };
		FA992ED32CF8BE98007B2EB8 /* CollectionViewHandler.swift in Sources */ = {isa = PBXBuildFile; fileRef = FA8409D82CCA3A0F004293A9 /* CollectionViewHandler.swift */; };
		FA992ED42CF8BE98007B2EB8 /* AESUtils.swift in Sources */ = {isa = PBXBuildFile; fileRef = FA81F0A72C7DD281003B7EA6 /* AESUtils.swift */; };
		FA992ED52CF8BE98007B2EB8 /* DataManager.swift in Sources */ = {isa = PBXBuildFile; fileRef = FA4775B12C7C1FC8002DC134 /* DataManager.swift */; };
		FA992ED62CF8BE98007B2EB8 /* FileSharing.swift in Sources */ = {isa = PBXBuildFile; fileRef = FA2B109D2CB8D0930095CDB1 /* FileSharing.swift */; };
		FA992ED72CF8BE98007B2EB8 /* DateManager.swift in Sources */ = {isa = PBXBuildFile; fileRef = FA022D6A2CB77CA300D3C039 /* DateManager.swift */; };
		FA992ED82CF8BE98007B2EB8 /* GlobalVariables.swift in Sources */ = {isa = PBXBuildFile; fileRef = FA36BAF02C7ECF6E005A49C5 /* GlobalVariables.swift */; };
		FA992ED92CF8BE98007B2EB8 /* TimeAgoFormatter.swift in Sources */ = {isa = PBXBuildFile; fileRef = FA022D672CB77CA300D3C039 /* TimeAgoFormatter.swift */; };
		FA992EDA2CF8BE98007B2EB8 /* FingerPrintAndFaceID.swift in Sources */ = {isa = PBXBuildFile; fileRef = FA494BDF2C6A16FE0086D346 /* FingerPrintAndFaceID.swift */; };
		FA992EDB2CF8BE98007B2EB8 /* UPCarouselFlowLayout.swift in Sources */ = {isa = PBXBuildFile; fileRef = FA022D692CB77CA300D3C039 /* UPCarouselFlowLayout.swift */; };
		FA992EDC2CF8BE98007B2EB8 /* RelativeLayoutUtilityClass.swift in Sources */ = {isa = PBXBuildFile; fileRef = FA022D652CB77CA300D3C039 /* RelativeLayoutUtilityClass.swift */; };
		FA992EDD2CF8BE98007B2EB8 /* TimerStartAndStop.swift in Sources */ = {isa = PBXBuildFile; fileRef = FA9FEC2A2CC76342008D421D /* TimerStartAndStop.swift */; };
		FA992EDE2CF8BE98007B2EB8 /* ContentSizedTableAndCollectionView.swift in Sources */ = {isa = PBXBuildFile; fileRef = FA849AE42CCB2B5300A34B89 /* ContentSizedTableAndCollectionView.swift */; };
		FA992EDF2CF8BE98007B2EB8 /* AppConstants.swift in Sources */ = {isa = PBXBuildFile; fileRef = FA88FD392CCCE23500FD115B /* AppConstants.swift */; };
		FA992EE02CF8BE98007B2EB8 /* ConstantsHeight.swift in Sources */ = {isa = PBXBuildFile; fileRef = FA8E80DD2CCCED600091EDF1 /* ConstantsHeight.swift */; };
		FA992EE12CF8BE98007B2EB8 /* Language.swift in Sources */ = {isa = PBXBuildFile; fileRef = FA0664282CD2184800694A9B /* Language.swift */; };
		FA992EE22CF8BE98007B2EB8 /* SetupLanguage.swift in Sources */ = {isa = PBXBuildFile; fileRef = FA7FF8D82CDC655300C824BD /* SetupLanguage.swift */; };
		FA992EE32CF8BE98007B2EB8 /* Enum.swift in Sources */ = {isa = PBXBuildFile; fileRef = FA612AAB2C787A23001E4365 /* Enum.swift */; };
		FA992EE42CF8BE98007B2EB8 /* Models.swift in Sources */ = {isa = PBXBuildFile; fileRef = FA87CD792C799EB200349364 /* Models.swift */; };
		FA992EE52CF8BE98007B2EB8 /* Int + Extension.swift in Sources */ = {isa = PBXBuildFile; fileRef = FA4775BA2C7C22C7002DC134 /* Int + Extension.swift */; };
		FA992EE62CF8BE98007B2EB8 /* Float + Extension.swift in Sources */ = {isa = PBXBuildFile; fileRef = FA4775B82C7C22B3002DC134 /* Float + Extension.swift */; };
		FA992EE72CF8BE98007B2EB8 /* String + Extension.swift in Sources */ = {isa = PBXBuildFile; fileRef = FA4775B42C7C2289002DC134 /* String + Extension.swift */; };
		FA992EE82CF8BE98007B2EB8 /* Double + Extension.swift in Sources */ = {isa = PBXBuildFile; fileRef = FA4775B62C7C2295002DC134 /* Double + Extension.swift */; };
		FA992EE92CF8BE98007B2EB8 /* UIFont + Extension.swift in Sources */ = {isa = PBXBuildFile; fileRef = FA87CD9B2C79A08D00349364 /* UIFont + Extension.swift */; };
		FA992EEA2CF8BE98007B2EB8 /* UIView + Extension.swift in Sources */ = {isa = PBXBuildFile; fileRef = FA4775C32C7C8EDB002DC134 /* UIView + Extension.swift */; };
		FA992EEB2CF8BE98007B2EB8 /* UILabel + Extension.swift in Sources */ = {isa = PBXBuildFile; fileRef = FA4775AC2C7C1BA4002DC134 /* UILabel + Extension.swift */; };
		FA992EEC2CF8BE98007B2EB8 /* UIColor + Extension.swift in Sources */ = {isa = PBXBuildFile; fileRef = FA2B10872CB785690095CDB1 /* UIColor + Extension.swift */; };
		FA992EED2CF8BE98007B2EB8 /* UIImage + Extension.swift in Sources */ = {isa = PBXBuildFile; fileRef = FA87CD992C79A08100349364 /* UIImage + Extension.swift */; };
		FA992EEE2CF8BE98007B2EB8 /* UIDevice + Extension.swift in Sources */ = {isa = PBXBuildFile; fileRef = FA36BAEA2C7EBD8A005A49C5 /* UIDevice + Extension.swift */; };
		FA992EEF2CF8BE98007B2EB8 /* UITableView + Extension.swift in Sources */ = {isa = PBXBuildFile; fileRef = FA87CD862C799FFB00349364 /* UITableView + Extension.swift */; };
		FA992EF02CF8BE98007B2EB8 /* UIImageView + Extension.swift in Sources */ = {isa = PBXBuildFile; fileRef = FAE400DD2C7D8CC4001D031F /* UIImageView + Extension.swift */; };
		FA992EF12CF8BE98007B2EB8 /* UserDefaults + Extension.swift in Sources */ = {isa = PBXBuildFile; fileRef = FA2B10912CB78C000095CDB1 /* UserDefaults + Extension.swift */; };
		FA992EF22CF8BE98007B2EB8 /* UITableViewCell + Extension.swift in Sources */ = {isa = PBXBuildFile; fileRef = FA87CD8B2C79A01A00349364 /* UITableViewCell + Extension.swift */; };
		FA992EF32CF8BE98007B2EB8 /* UIViewController + Extension.swift in Sources */ = {isa = PBXBuildFile; fileRef = FA4775BC2C7C2F9C002DC134 /* UIViewController + Extension.swift */; };
		FA992EF42CF8BE98007B2EB8 /* UICollectionView + Extension.swift in Sources */ = {isa = PBXBuildFile; fileRef = FA87CD882C79A00900349364 /* UICollectionView + Extension.swift */; };
		FA992EF52CF8BE98007B2EB8 /* UICollectionViewCell + Extension.swift in Sources */ = {isa = PBXBuildFile; fileRef = FA87CD8D2C79A02700349364 /* UICollectionViewCell + Extension.swift */; };
		FA992EF62CF8BE98007B2EB8 /* UITextField + Extension.swift in Sources */ = {isa = PBXBuildFile; fileRef = FA2B10992CB8BF200095CDB1 /* UITextField + Extension.swift */; };
		FA992EF72CF8BE98007B2EB8 /* UIButton + Extension.swift in Sources */ = {isa = PBXBuildFile; fileRef = FA2B10A02CB8E0D80095CDB1 /* UIButton + Extension.swift */; };
		FA992EF82CF8BE98007B2EB8 /* UIScrollView + Extension.swift in Sources */ = {isa = PBXBuildFile; fileRef = FA4399D72CCAAED000D508C5 /* UIScrollView + Extension.swift */; };
		FA992EF92CF8BE98007B2EB8 /* UINavigationController + Extension.swift in Sources */ = {isa = PBXBuildFile; fileRef = FAA80CF72CDC4D9C001A8EEA /* UINavigationController + Extension.swift */; };
		FA992EFA2CF8BE98007B2EB8 /* NotificationName + Extension.swift in Sources */ = {isa = PBXBuildFile; fileRef = FAAA11862CDFC01F00EA15E3 /* NotificationName + Extension.swift */; };
		FA992EFB2CF8BE98007B2EB8 /* CALayer + Extension.swift in Sources */ = {isa = PBXBuildFile; fileRef = FA1627642CED78A500418ECD /* CALayer + Extension.swift */; };
		FA992EFC2CF8BE98007B2EB8 /* PageViewController.swift in Sources */ = {isa = PBXBuildFile; fileRef = FA9AE4792CDB212700A07C50 /* PageViewController.swift */; };
		FA992EFD2CF8BE98007B2EB8 /* SegmentedView.swift in Sources */ = {isa = PBXBuildFile; fileRef = FAED81362CDB0A3800E5A2D5 /* SegmentedView.swift */; };
		FA992EFE2CF8BE98007B2EB8 /* TitleWithValueTableViewCell.swift in Sources */ = {isa = PBXBuildFile; fileRef = FAB5D6402C6C3DA600A31A6F /* TitleWithValueTableViewCell.swift */; };
		FA992EFF2CF8BE98007B2EB8 /* PageVC.swift in Sources */ = {isa = PBXBuildFile; fileRef = FA87CD772C799DB900349364 /* PageVC.swift */; };
		FA992F002CF8BE98007B2EB8 /* PasscodeVC.swift in Sources */ = {isa = PBXBuildFile; fileRef = FA494BE32C6A19C70086D346 /* PasscodeVC.swift */; };
		FA992F012CF8BE98007B2EB8 /* CheckmarkView.swift in Sources */ = {isa = PBXBuildFile; fileRef = FAB5D6442C6CB0E900A31A6F /* CheckmarkView.swift */; };
		FA992F022CF8BE98007B2EB8 /* PresentationStyle.swift in Sources */ = {isa = PBXBuildFile; fileRef = FA81F0A92C7DD74D003B7EA6 /* PresentationStyle.swift */; };
		FA992F032CF8BE98007B2EB8 /* BlurredBackgroundView.swift in Sources */ = {isa = PBXBuildFile; fileRef = FA81F0A52C7DCF72003B7EA6 /* BlurredBackgroundView.swift */; };
		FA992F042CF8BE98007B2EB8 /* BottomSheetViewController.swift in Sources */ = {isa = PBXBuildFile; fileRef = FA4775C12C7C8CCA002DC134 /* BottomSheetViewController.swift */; };
		FA992F052CF8BE98007B2EB8 /* MainPageVC.swift in Sources */ = {isa = PBXBuildFile; fileRef = FA11394E2CBCF35600F76FF2 /* MainPageVC.swift */; };
		FA992F062CF8BE98007B2EB8 /* MainButton.swift in Sources */ = {isa = PBXBuildFile; fileRef = FAFCDC522CCF9AA100BACEC5 /* MainButton.swift */; };
		FA992F072CF8BE98007B2EB8 /* MainTextField.swift in Sources */ = {isa = PBXBuildFile; fileRef = FAA16D3C2CDDA0B7004D1B97 /* MainTextField.swift */; };
		FA992F082CF8BE98007B2EB8 /* SSPaddingLabel.swift in Sources */ = {isa = PBXBuildFile; fileRef = FAA16D3E2CDDAF82004D1B97 /* SSPaddingLabel.swift */; };
		FA992F092CF8BE98007B2EB8 /* MoreView.swift in Sources */ = {isa = PBXBuildFile; fileRef = FA7EFA2C2CF57CAD001FDFEC /* MoreView.swift */; };
		FA992F0A2CF8BE98007B2EB8 /* OneTimeCodeTextField.swift in Sources */ = {isa = PBXBuildFile; fileRef = FA068B122C97EA31006A5A58 /* OneTimeCodeTextField.swift */; };
		FA992F0B2CF8BE98007B2EB8 /* OneTimeCodeTextFieldDelegate.swift in Sources */ = {isa = PBXBuildFile; fileRef = FA068B112C97EA31006A5A58 /* OneTimeCodeTextFieldDelegate.swift */; };
		FA992F0C2CF8BE98007B2EB8 /* OneTimeCodeTextFieldExtension.swift in Sources */ = {isa = PBXBuildFile; fileRef = FA068B102C97EA31006A5A58 /* OneTimeCodeTextFieldExtension.swift */; };
		FA992F0D2CF8BE98007B2EB8 /* OriginalTabBarVC.swift in Sources */ = {isa = PBXBuildFile; fileRef = FA97E6822C9ACAFD003C0966 /* OriginalTabBarVC.swift */; };
		FA992F0E2CF8BE98007B2EB8 /* CustomTabBarVC.swift in Sources */ = {isa = PBXBuildFile; fileRef = FA97E6842C9AD1A7003C0966 /* CustomTabBarVC.swift */; };
		FA992F0F2CF8BE98007B2EB8 /* CustomTabBarCell.swift in Sources */ = {isa = PBXBuildFile; fileRef = FA837DFE2C9AF35800213AE4 /* CustomTabBarCell.swift */; };
		FA992F102CF8BE98007B2EB8 /* AlertErrorVC.swift in Sources */ = {isa = PBXBuildFile; fileRef = FA2B108C2CB786EF0095CDB1 /* AlertErrorVC.swift */; };
		FA992F112CF8BE98007B2EB8 /* AlertMessage.swift in Sources */ = {isa = PBXBuildFile; fileRef = FA2B108A2CB786EF0095CDB1 /* AlertMessage.swift */; };
		FA992F122CF8BE98007B2EB8 /* AlertInternetVC.swift in Sources */ = {isa = PBXBuildFile; fileRef = FA2B108D2CB786EF0095CDB1 /* AlertInternetVC.swift */; };
		FA992F132CF8BE98007B2EB8 /* Note + Read.swift in Sources */ = {isa = PBXBuildFile; fileRef = FAD0ABB42C992C0200608D7F /* Note + Read.swift */; };
		FAD38F2F2D14132200588DFA /* TransactionTypesEnum.swift in Sources */ = {isa = PBXBuildFile; fileRef = FAD38F2E2D14132200588DFA /* TransactionTypesEnum.swift */; };
		FAF42EF02D1A47F50070AF49 /* DisplayWebController.swift in Sources */ = {isa = PBXBuildFile; fileRef = FAF42EEF2D1A47F50070AF49 /* DisplayWebController.swift */; };
/* End PBXBuildFile section */

/* Begin PBXCopyFilesBuildPhase section */
		FA4B40992CE2ED56002353B9 /* Embed Foundation Extensions */ = {
			isa = PBXCopyFilesBuildPhase;
			buildActionMask = 2147483647;
			dstPath = "";
			dstSubfolderSpec = 13;
			files = (
			);
			name = "Embed Foundation Extensions";
			runOnlyForDeploymentPostprocessing = 0;
		};
/* End PBXCopyFilesBuildPhase section */

/* Begin PBXFileReference section */
		21BC12FD561B95697846A1FC /* Pods-CoreStructure_iOS.debug pro.xcconfig */ = {isa = PBXFileReference; includeInIndex = 1; lastKnownFileType = text.xcconfig; name = "Pods-CoreStructure_iOS.debug pro.xcconfig"; path = "Target Support Files/Pods-CoreStructure_iOS/Pods-CoreStructure_iOS.debug pro.xcconfig"; sourceTree = "<group>"; };
		A085171C6759845390D7B0A8 /* Pods-CoreStructure_iOS.release.xcconfig */ = {isa = PBXFileReference; includeInIndex = 1; lastKnownFileType = text.xcconfig; name = "Pods-CoreStructure_iOS.release.xcconfig"; path = "Target Support Files/Pods-CoreStructure_iOS/Pods-CoreStructure_iOS.release.xcconfig"; sourceTree = "<group>"; };
		D021564CCDC1B6AB16162560 /* Pods-CoreStructure_iOS.debug aut.xcconfig */ = {isa = PBXFileReference; includeInIndex = 1; lastKnownFileType = text.xcconfig; name = "Pods-CoreStructure_iOS.debug aut.xcconfig"; path = "Target Support Files/Pods-CoreStructure_iOS/Pods-CoreStructure_iOS.debug aut.xcconfig"; sourceTree = "<group>"; };
		D11530C57B2D2D4D5E0D1486 /* Pods_CoreStructure_iOS.framework */ = {isa = PBXFileReference; explicitFileType = wrapper.framework; includeInIndex = 0; path = Pods_CoreStructure_iOS.framework; sourceTree = BUILT_PRODUCTS_DIR; };
		F6CFEBEE300FFF8CD5631BED /* Pods-CoreStructure_iOS.debug.xcconfig */ = {isa = PBXFileReference; includeInIndex = 1; lastKnownFileType = text.xcconfig; name = "Pods-CoreStructure_iOS.debug.xcconfig"; path = "Target Support Files/Pods-CoreStructure_iOS/Pods-CoreStructure_iOS.debug.xcconfig"; sourceTree = "<group>"; };
		FA022D4B2CB76A1C00D3C039 /* CenteringCellVC.swift */ = {isa = PBXFileReference; lastKnownFileType = sourcecode.swift; path = CenteringCellVC.swift; sourceTree = "<group>"; };
		FA022D4D2CB76A5800D3C039 /* CardCell.swift */ = {isa = PBXFileReference; lastKnownFileType = sourcecode.swift; path = CardCell.swift; sourceTree = "<group>"; };
		FA022D582CB777AE00D3C039 /* Board.swift */ = {isa = PBXFileReference; fileEncoding = 4; lastKnownFileType = sourcecode.swift; path = Board.swift; sourceTree = "<group>"; };
		FA022D5A2CB777AE00D3C039 /* BoardCollectionVC.swift */ = {isa = PBXFileReference; fileEncoding = 4; lastKnownFileType = sourcecode.swift; path = BoardCollectionVC.swift; sourceTree = "<group>"; };
		FA022D5C2CB777AE00D3C039 /* BoardTableViewCell.swift */ = {isa = PBXFileReference; fileEncoding = 4; lastKnownFileType = sourcecode.swift; path = BoardTableViewCell.swift; sourceTree = "<group>"; };
		FA022D5D2CB777AE00D3C039 /* BoardCollectionViewCell.swift */ = {isa = PBXFileReference; fileEncoding = 4; lastKnownFileType = sourcecode.swift; path = BoardCollectionViewCell.swift; sourceTree = "<group>"; };
		FA022D652CB77CA300D3C039 /* RelativeLayoutUtilityClass.swift */ = {isa = PBXFileReference; fileEncoding = 4; lastKnownFileType = sourcecode.swift; path = RelativeLayoutUtilityClass.swift; sourceTree = "<group>"; };
		FA022D672CB77CA300D3C039 /* TimeAgoFormatter.swift */ = {isa = PBXFileReference; fileEncoding = 4; lastKnownFileType = sourcecode.swift; path = TimeAgoFormatter.swift; sourceTree = "<group>"; };
		FA022D692CB77CA300D3C039 /* UPCarouselFlowLayout.swift */ = {isa = PBXFileReference; fileEncoding = 4; lastKnownFileType = sourcecode.swift; path = UPCarouselFlowLayout.swift; sourceTree = "<group>"; };
		FA022D6A2CB77CA300D3C039 /* DateManager.swift */ = {isa = PBXFileReference; fileEncoding = 4; lastKnownFileType = sourcecode.swift; path = DateManager.swift; sourceTree = "<group>"; };
		FA0664252CD1EA7C00694A9B /* ButtonOntheKeyboradVC.swift */ = {isa = PBXFileReference; lastKnownFileType = sourcecode.swift; path = ButtonOntheKeyboradVC.swift; sourceTree = "<group>"; };
		FA0664282CD2184800694A9B /* Language.swift */ = {isa = PBXFileReference; lastKnownFileType = sourcecode.swift; path = Language.swift; sourceTree = "<group>"; };
		FA06642A2CD21DF700694A9B /* PanGestureTwoVC.swift */ = {isa = PBXFileReference; lastKnownFileType = sourcecode.swift; path = PanGestureTwoVC.swift; sourceTree = "<group>"; };
		FA068B0A2C954E50006A5A58 /* OTPVC.swift */ = {isa = PBXFileReference; lastKnownFileType = sourcecode.swift; path = OTPVC.swift; sourceTree = "<group>"; };
		FA068B102C97EA31006A5A58 /* OneTimeCodeTextFieldExtension.swift */ = {isa = PBXFileReference; fileEncoding = 4; lastKnownFileType = sourcecode.swift; path = OneTimeCodeTextFieldExtension.swift; sourceTree = "<group>"; };
		FA068B112C97EA31006A5A58 /* OneTimeCodeTextFieldDelegate.swift */ = {isa = PBXFileReference; fileEncoding = 4; lastKnownFileType = sourcecode.swift; path = OneTimeCodeTextFieldDelegate.swift; sourceTree = "<group>"; };
		FA068B122C97EA31006A5A58 /* OneTimeCodeTextField.swift */ = {isa = PBXFileReference; fileEncoding = 4; lastKnownFileType = sourcecode.swift; path = OneTimeCodeTextField.swift; sourceTree = "<group>"; };
		FA11394E2CBCF35600F76FF2 /* MainPageVC.swift */ = {isa = PBXFileReference; lastKnownFileType = sourcecode.swift; path = MainPageVC.swift; sourceTree = "<group>"; };
		FA1627642CED78A500418ECD /* CALayer + Extension.swift */ = {isa = PBXFileReference; lastKnownFileType = sourcecode.swift; path = "CALayer + Extension.swift"; sourceTree = "<group>"; };
		FA2356542CCF2D8300BD685B /* PanGestureVC.swift */ = {isa = PBXFileReference; lastKnownFileType = sourcecode.swift; path = PanGestureVC.swift; sourceTree = "<group>"; };
		FA2B10872CB785690095CDB1 /* UIColor + Extension.swift */ = {isa = PBXFileReference; fileEncoding = 4; lastKnownFileType = sourcecode.swift; path = "UIColor + Extension.swift"; sourceTree = "<group>"; };
		FA2B108A2CB786EF0095CDB1 /* AlertMessage.swift */ = {isa = PBXFileReference; fileEncoding = 4; lastKnownFileType = sourcecode.swift; path = AlertMessage.swift; sourceTree = "<group>"; };
		FA2B108C2CB786EF0095CDB1 /* AlertErrorVC.swift */ = {isa = PBXFileReference; fileEncoding = 4; lastKnownFileType = sourcecode.swift; path = AlertErrorVC.swift; sourceTree = "<group>"; };
		FA2B108D2CB786EF0095CDB1 /* AlertInternetVC.swift */ = {isa = PBXFileReference; fileEncoding = 4; lastKnownFileType = sourcecode.swift; path = AlertInternetVC.swift; sourceTree = "<group>"; };
		FA2B10912CB78C000095CDB1 /* UserDefaults + Extension.swift */ = {isa = PBXFileReference; lastKnownFileType = sourcecode.swift; path = "UserDefaults + Extension.swift"; sourceTree = "<group>"; };
		FA2B10992CB8BF200095CDB1 /* UITextField + Extension.swift */ = {isa = PBXFileReference; lastKnownFileType = sourcecode.swift; path = "UITextField + Extension.swift"; sourceTree = "<group>"; };
		FA2B109D2CB8D0930095CDB1 /* FileSharing.swift */ = {isa = PBXFileReference; lastKnownFileType = sourcecode.swift; path = FileSharing.swift; sourceTree = "<group>"; };
		FA2B10A02CB8E0D80095CDB1 /* UIButton + Extension.swift */ = {isa = PBXFileReference; lastKnownFileType = sourcecode.swift; path = "UIButton + Extension.swift"; sourceTree = "<group>"; };
		FA36BAEA2C7EBD8A005A49C5 /* UIDevice + Extension.swift */ = {isa = PBXFileReference; lastKnownFileType = sourcecode.swift; path = "UIDevice + Extension.swift"; sourceTree = "<group>"; };
		FA36BAF02C7ECF6E005A49C5 /* GlobalVariables.swift */ = {isa = PBXFileReference; lastKnownFileType = sourcecode.swift; path = GlobalVariables.swift; sourceTree = "<group>"; };
		FA4399D72CCAAED000D508C5 /* UIScrollView + Extension.swift */ = {isa = PBXFileReference; lastKnownFileType = sourcecode.swift; path = "UIScrollView + Extension.swift"; sourceTree = "<group>"; };
		FA45CE562C92D765000DA118 /* dev.xcconfig */ = {isa = PBXFileReference; lastKnownFileType = text.xcconfig; path = dev.xcconfig; sourceTree = "<group>"; };
		FA45CE572C92D77B000DA118 /* uat.xcconfig */ = {isa = PBXFileReference; lastKnownFileType = text.xcconfig; path = uat.xcconfig; sourceTree = "<group>"; };
		FA45CE582C92D78B000DA118 /* pro.xcconfig */ = {isa = PBXFileReference; lastKnownFileType = text.xcconfig; path = pro.xcconfig; sourceTree = "<group>"; };
		FA4775AC2C7C1BA4002DC134 /* UILabel + Extension.swift */ = {isa = PBXFileReference; fileEncoding = 4; lastKnownFileType = sourcecode.swift; path = "UILabel + Extension.swift"; sourceTree = "<group>"; };
		FA4775B12C7C1FC8002DC134 /* DataManager.swift */ = {isa = PBXFileReference; lastKnownFileType = sourcecode.swift; path = DataManager.swift; sourceTree = "<group>"; };
		FA4775B42C7C2289002DC134 /* String + Extension.swift */ = {isa = PBXFileReference; lastKnownFileType = sourcecode.swift; path = "String + Extension.swift"; sourceTree = "<group>"; };
		FA4775B62C7C2295002DC134 /* Double + Extension.swift */ = {isa = PBXFileReference; lastKnownFileType = sourcecode.swift; path = "Double + Extension.swift"; sourceTree = "<group>"; };
		FA4775B82C7C22B3002DC134 /* Float + Extension.swift */ = {isa = PBXFileReference; lastKnownFileType = sourcecode.swift; path = "Float + Extension.swift"; sourceTree = "<group>"; };
		FA4775BA2C7C22C7002DC134 /* Int + Extension.swift */ = {isa = PBXFileReference; lastKnownFileType = sourcecode.swift; path = "Int + Extension.swift"; sourceTree = "<group>"; };
		FA4775BC2C7C2F9C002DC134 /* UIViewController + Extension.swift */ = {isa = PBXFileReference; lastKnownFileType = sourcecode.swift; path = "UIViewController + Extension.swift"; sourceTree = "<group>"; };
		FA4775C12C7C8CCA002DC134 /* BottomSheetViewController.swift */ = {isa = PBXFileReference; lastKnownFileType = sourcecode.swift; path = BottomSheetViewController.swift; sourceTree = "<group>"; };
		FA4775C32C7C8EDB002DC134 /* UIView + Extension.swift */ = {isa = PBXFileReference; lastKnownFileType = sourcecode.swift; path = "UIView + Extension.swift"; sourceTree = "<group>"; };
		FA4775C72C7C9924002DC134 /* DemoBottomSheetViewController.swift */ = {isa = PBXFileReference; fileEncoding = 4; lastKnownFileType = sourcecode.swift; path = DemoBottomSheetViewController.swift; sourceTree = "<group>"; };
		FA4775CE2C7CA821002DC134 /* ListViewController.swift */ = {isa = PBXFileReference; lastKnownFileType = sourcecode.swift; path = ListViewController.swift; sourceTree = "<group>"; };
		FA494B9A2C69EB9C0086D346 /* CoreStructure_iOS.app */ = {isa = PBXFileReference; explicitFileType = wrapper.application; includeInIndex = 0; path = CoreStructure_iOS.app; sourceTree = BUILT_PRODUCTS_DIR; };
		FA494B9D2C69EB9C0086D346 /* AppDelegate.swift */ = {isa = PBXFileReference; lastKnownFileType = sourcecode.swift; path = AppDelegate.swift; sourceTree = "<group>"; };
		FA494B9F2C69EB9C0086D346 /* SceneDelegate.swift */ = {isa = PBXFileReference; lastKnownFileType = sourcecode.swift; path = SceneDelegate.swift; sourceTree = "<group>"; };
		FA494BA42C69EB9C0086D346 /* Base */ = {isa = PBXFileReference; lastKnownFileType = file.storyboard; name = Base; path = Base.lproj/Main.storyboard; sourceTree = "<group>"; };
		FA494BA62C69EBD70086D346 /* Assets.xcassets */ = {isa = PBXFileReference; lastKnownFileType = folder.assetcatalog; path = Assets.xcassets; sourceTree = "<group>"; };
		FA494BA92C69EBD70086D346 /* Base */ = {isa = PBXFileReference; lastKnownFileType = file.storyboard; name = Base; path = Base.lproj/LaunchScreen.storyboard; sourceTree = "<group>"; };
		FA494BAB2C69EBD70086D346 /* Info.plist */ = {isa = PBXFileReference; lastKnownFileType = text.plist.xml; path = Info.plist; sourceTree = "<group>"; };
		FA494BD12C6A0D6D0086D346 /* ApiManager.swift */ = {isa = PBXFileReference; lastKnownFileType = sourcecode.swift; path = ApiManager.swift; sourceTree = "<group>"; };
		FA494BD52C6A0DCF0086D346 /* Endpoints.swift */ = {isa = PBXFileReference; lastKnownFileType = sourcecode.swift; path = Endpoints.swift; sourceTree = "<group>"; };
		FA494BD72C6A0EC00086D346 /* Loading.swift */ = {isa = PBXFileReference; lastKnownFileType = sourcecode.swift; path = Loading.swift; sourceTree = "<group>"; };
		FA494BDB2C6A12060086D346 /* DebuggerRespose.swift */ = {isa = PBXFileReference; lastKnownFileType = sourcecode.swift; path = DebuggerRespose.swift; sourceTree = "<group>"; };
		FA494BDF2C6A16FE0086D346 /* FingerPrintAndFaceID.swift */ = {isa = PBXFileReference; lastKnownFileType = sourcecode.swift; path = FingerPrintAndFaceID.swift; sourceTree = "<group>"; };
		FA494BE32C6A19C70086D346 /* PasscodeVC.swift */ = {isa = PBXFileReference; lastKnownFileType = sourcecode.swift; path = PasscodeVC.swift; sourceTree = "<group>"; };
		FA5C30FE2CF5CD45002ABA39 /* ScannerController.swift */ = {isa = PBXFileReference; lastKnownFileType = sourcecode.swift; path = ScannerController.swift; sourceTree = "<group>"; };
		FA612AAB2C787A23001E4365 /* Enum.swift */ = {isa = PBXFileReference; lastKnownFileType = sourcecode.swift; path = Enum.swift; sourceTree = "<group>"; };
		FA6D52D52C9A748F00710D93 /* PreventionVC.swift */ = {isa = PBXFileReference; lastKnownFileType = sourcecode.swift; path = PreventionVC.swift; sourceTree = "<group>"; };
		FA7C0B2D2CDE1CEB00DDB3E6 /* SliderController.swift */ = {isa = PBXFileReference; lastKnownFileType = sourcecode.swift; path = SliderController.swift; sourceTree = "<group>"; };
		FA7EFA2C2CF57CAD001FDFEC /* MoreView.swift */ = {isa = PBXFileReference; lastKnownFileType = sourcecode.swift; path = MoreView.swift; sourceTree = "<group>"; };
		FA7FF8D82CDC655300C824BD /* SetupLanguage.swift */ = {isa = PBXFileReference; lastKnownFileType = sourcecode.swift; path = SetupLanguage.swift; sourceTree = "<group>"; };
		FA7FF8DA2CDC662E00C824BD /* LocalizableContoller.swift */ = {isa = PBXFileReference; lastKnownFileType = sourcecode.swift; path = LocalizableContoller.swift; sourceTree = "<group>"; };
		FA7FF8E32CDC712800C824BD /* km */ = {isa = PBXFileReference; lastKnownFileType = text.plist.strings; name = km; path = km.lproj/Main.strings; sourceTree = "<group>"; };
		FA7FF8E52CDC71BA00C824BD /* en */ = {isa = PBXFileReference; lastKnownFileType = text.plist.strings; name = en; path = en.lproj/Main.strings; sourceTree = "<group>"; };
		FA7FF8E92CDC722B00C824BD /* km */ = {isa = PBXFileReference; lastKnownFileType = text.plist.strings; name = km; path = km.lproj/Localizable.strings; sourceTree = "<group>"; };
		FA7FF8EB2CDC722D00C824BD /* en */ = {isa = PBXFileReference; lastKnownFileType = text.plist.strings; name = en; path = en.lproj/Localizable.strings; sourceTree = "<group>"; };
		FA7FF8EC2CDC729700C824BD /* en */ = {isa = PBXFileReference; lastKnownFileType = text.plist.strings; name = en; path = en.lproj/LaunchScreen.strings; sourceTree = "<group>"; };
		FA8061332CF56BAD00CC13E4 /* DragDropCell.swift */ = {isa = PBXFileReference; lastKnownFileType = sourcecode.swift; path = DragDropCell.swift; sourceTree = "<group>"; };
		FA81F0A52C7DCF72003B7EA6 /* BlurredBackgroundView.swift */ = {isa = PBXFileReference; lastKnownFileType = sourcecode.swift; path = BlurredBackgroundView.swift; sourceTree = "<group>"; };
		FA81F0A72C7DD281003B7EA6 /* AESUtils.swift */ = {isa = PBXFileReference; lastKnownFileType = sourcecode.swift; path = AESUtils.swift; sourceTree = "<group>"; };
		FA81F0A92C7DD74D003B7EA6 /* PresentationStyle.swift */ = {isa = PBXFileReference; lastKnownFileType = sourcecode.swift; path = PresentationStyle.swift; sourceTree = "<group>"; };
		FA837DFE2C9AF35800213AE4 /* CustomTabBarCell.swift */ = {isa = PBXFileReference; lastKnownFileType = sourcecode.swift; path = CustomTabBarCell.swift; sourceTree = "<group>"; };
		FA837E022C9B31D300213AE4 /* DemoFeatureVC.swift */ = {isa = PBXFileReference; lastKnownFileType = sourcecode.swift; path = DemoFeatureVC.swift; sourceTree = "<group>"; };
		FA837E072C9BD85A00213AE4 /* HomeVC.swift */ = {isa = PBXFileReference; lastKnownFileType = sourcecode.swift; path = HomeVC.swift; sourceTree = "<group>"; };
		FA837E092C9BDB9900213AE4 /* HomeVM.swift */ = {isa = PBXFileReference; lastKnownFileType = sourcecode.swift; path = HomeVM.swift; sourceTree = "<group>"; };
		FA8409D22CCA2ED5004293A9 /* TableViewHandler.swift */ = {isa = PBXFileReference; lastKnownFileType = sourcecode.swift; path = TableViewHandler.swift; sourceTree = "<group>"; };
		FA8409D52CCA2FD7004293A9 /* TableHandlerVC.swift */ = {isa = PBXFileReference; lastKnownFileType = sourcecode.swift; path = TableHandlerVC.swift; sourceTree = "<group>"; };
		FA8409D82CCA3A0F004293A9 /* CollectionViewHandler.swift */ = {isa = PBXFileReference; lastKnownFileType = sourcecode.swift; path = CollectionViewHandler.swift; sourceTree = "<group>"; };
		FA8409DA2CCA3A67004293A9 /* CollectionHandlerVC.swift */ = {isa = PBXFileReference; lastKnownFileType = sourcecode.swift; path = CollectionHandlerVC.swift; sourceTree = "<group>"; };
		FA849AE42CCB2B5300A34B89 /* ContentSizedTableAndCollectionView.swift */ = {isa = PBXFileReference; lastKnownFileType = sourcecode.swift; path = ContentSizedTableAndCollectionView.swift; sourceTree = "<group>"; };
		FA87CD772C799DB900349364 /* PageVC.swift */ = {isa = PBXFileReference; lastKnownFileType = sourcecode.swift; path = PageVC.swift; sourceTree = "<group>"; };
		FA87CD792C799EB200349364 /* Models.swift */ = {isa = PBXFileReference; lastKnownFileType = sourcecode.swift; path = Models.swift; sourceTree = "<group>"; };
		FA87CD862C799FFB00349364 /* UITableView + Extension.swift */ = {isa = PBXFileReference; lastKnownFileType = sourcecode.swift; path = "UITableView + Extension.swift"; sourceTree = "<group>"; };
		FA87CD882C79A00900349364 /* UICollectionView + Extension.swift */ = {isa = PBXFileReference; lastKnownFileType = sourcecode.swift; path = "UICollectionView + Extension.swift"; sourceTree = "<group>"; };
		FA87CD8B2C79A01A00349364 /* UITableViewCell + Extension.swift */ = {isa = PBXFileReference; lastKnownFileType = sourcecode.swift; path = "UITableViewCell + Extension.swift"; sourceTree = "<group>"; };
		FA87CD8D2C79A02700349364 /* UICollectionViewCell + Extension.swift */ = {isa = PBXFileReference; lastKnownFileType = sourcecode.swift; path = "UICollectionViewCell + Extension.swift"; sourceTree = "<group>"; };
		FA87CD992C79A08100349364 /* UIImage + Extension.swift */ = {isa = PBXFileReference; lastKnownFileType = sourcecode.swift; path = "UIImage + Extension.swift"; sourceTree = "<group>"; };
		FA87CD9B2C79A08D00349364 /* UIFont + Extension.swift */ = {isa = PBXFileReference; lastKnownFileType = sourcecode.swift; path = "UIFont + Extension.swift"; sourceTree = "<group>"; };
		FA887FA42CEB21F100AFD96C /* BVM_VIP_VC.swift */ = {isa = PBXFileReference; lastKnownFileType = sourcecode.swift; path = BVM_VIP_VC.swift; sourceTree = "<group>"; };
		FA887FA62CEB220700AFD96C /* BVM_VIP_View.swift */ = {isa = PBXFileReference; lastKnownFileType = sourcecode.swift; path = BVM_VIP_View.swift; sourceTree = "<group>"; };
		FA88C16B2CDE7E1A00E006D0 /* DragDropTableViewCellContoler.swift */ = {isa = PBXFileReference; lastKnownFileType = sourcecode.swift; path = DragDropTableViewCellContoler.swift; sourceTree = "<group>"; };
		FA88D4082CDB5B65004EE80F /* PagViewControllerWithButtonVC.swift */ = {isa = PBXFileReference; lastKnownFileType = sourcecode.swift; path = PagViewControllerWithButtonVC.swift; sourceTree = "<group>"; };
		FA88F1702CF9BD0000B37C73 /* DashedLineView.swift */ = {isa = PBXFileReference; lastKnownFileType = sourcecode.swift; path = DashedLineView.swift; sourceTree = "<group>"; };
		FA88F1722CF9C04800B37C73 /* TriangleView.swift */ = {isa = PBXFileReference; lastKnownFileType = sourcecode.swift; path = TriangleView.swift; sourceTree = "<group>"; };
		FA88FD372CCCE1E400FD115B /* SplashScreenVC.swift */ = {isa = PBXFileReference; lastKnownFileType = sourcecode.swift; path = SplashScreenVC.swift; sourceTree = "<group>"; };
		FA88FD392CCCE23500FD115B /* AppConstants.swift */ = {isa = PBXFileReference; lastKnownFileType = sourcecode.swift; path = AppConstants.swift; sourceTree = "<group>"; };
		FA89F9372CD363DC00015989 /* HandleNavigationBarVC.swift */ = {isa = PBXFileReference; lastKnownFileType = sourcecode.swift; path = HandleNavigationBarVC.swift; sourceTree = "<group>"; };
		FA89F9392CD3805600015989 /* GoogleMapsVC.swift */ = {isa = PBXFileReference; lastKnownFileType = sourcecode.swift; path = GoogleMapsVC.swift; sourceTree = "<group>"; };
		FA8D7D762CDBC71900B45826 /* AppConfiguration.swift */ = {isa = PBXFileReference; lastKnownFileType = sourcecode.swift; path = AppConfiguration.swift; sourceTree = "<group>"; };
		FA8D7D782CDBC80200B45826 /* GoogleService-Info.plist */ = {isa = PBXFileReference; fileEncoding = 4; lastKnownFileType = text.plist.xml; path = "GoogleService-Info.plist"; sourceTree = "<group>"; };
		FA8E80DD2CCCED600091EDF1 /* ConstantsHeight.swift */ = {isa = PBXFileReference; lastKnownFileType = sourcecode.swift; path = ConstantsHeight.swift; sourceTree = "<group>"; };
		FA97E6822C9ACAFD003C0966 /* OriginalTabBarVC.swift */ = {isa = PBXFileReference; lastKnownFileType = sourcecode.swift; path = OriginalTabBarVC.swift; sourceTree = "<group>"; };
		FA97E6842C9AD1A7003C0966 /* CustomTabBarVC.swift */ = {isa = PBXFileReference; lastKnownFileType = sourcecode.swift; path = CustomTabBarVC.swift; sourceTree = "<group>"; };
		FA9AE4792CDB212700A07C50 /* PageViewController.swift */ = {isa = PBXFileReference; lastKnownFileType = sourcecode.swift; path = PageViewController.swift; sourceTree = "<group>"; };
		FA9C00092CCBEE6500F277E3 /* TestingVC.swift */ = {isa = PBXFileReference; lastKnownFileType = sourcecode.swift; path = TestingVC.swift; sourceTree = "<group>"; };
		FA9C00102CCC10A800F277E3 /* SelfSizingViewController.swift */ = {isa = PBXFileReference; lastKnownFileType = sourcecode.swift; path = SelfSizingViewController.swift; sourceTree = "<group>"; };
		FA9FEC2A2CC76342008D421D /* TimerStartAndStop.swift */ = {isa = PBXFileReference; lastKnownFileType = sourcecode.swift; path = TimerStartAndStop.swift; sourceTree = "<group>"; };
		FAA16D3C2CDDA0B7004D1B97 /* MainTextField.swift */ = {isa = PBXFileReference; lastKnownFileType = sourcecode.swift; path = MainTextField.swift; sourceTree = "<group>"; };
		FAA16D3E2CDDAF82004D1B97 /* SSPaddingLabel.swift */ = {isa = PBXFileReference; lastKnownFileType = sourcecode.swift; path = SSPaddingLabel.swift; sourceTree = "<group>"; };
		FAA80CF72CDC4D9C001A8EEA /* UINavigationController + Extension.swift */ = {isa = PBXFileReference; lastKnownFileType = sourcecode.swift; path = "UINavigationController + Extension.swift"; sourceTree = "<group>"; };
		FAA80CF92CDC4F81001A8EEA /* HtmlVC.swift */ = {isa = PBXFileReference; lastKnownFileType = sourcecode.swift; path = HtmlVC.swift; sourceTree = "<group>"; };
		FAAA11862CDFC01F00EA15E3 /* NotificationName + Extension.swift */ = {isa = PBXFileReference; lastKnownFileType = sourcecode.swift; path = "NotificationName + Extension.swift"; sourceTree = "<group>"; };
		FAB5D6402C6C3DA600A31A6F /* TitleWithValueTableViewCell.swift */ = {isa = PBXFileReference; lastKnownFileType = sourcecode.swift; path = TitleWithValueTableViewCell.swift; sourceTree = "<group>"; };
		FAB5D6442C6CB0E900A31A6F /* CheckmarkView.swift */ = {isa = PBXFileReference; lastKnownFileType = sourcecode.swift; path = CheckmarkView.swift; sourceTree = "<group>"; };
		FAD0ABB42C992C0200608D7F /* Note + Read.swift */ = {isa = PBXFileReference; lastKnownFileType = sourcecode.swift; path = "Note + Read.swift"; sourceTree = "<group>"; };
		FAD38F2E2D14132200588DFA /* TransactionTypesEnum.swift */ = {isa = PBXFileReference; lastKnownFileType = sourcecode.swift; path = TransactionTypesEnum.swift; sourceTree = "<group>"; };
		FAE400DD2C7D8CC4001D031F /* UIImageView + Extension.swift */ = {isa = PBXFileReference; lastKnownFileType = sourcecode.swift; path = "UIImageView + Extension.swift"; sourceTree = "<group>"; };
		FAED81362CDB0A3800E5A2D5 /* SegmentedView.swift */ = {isa = PBXFileReference; lastKnownFileType = sourcecode.swift; path = SegmentedView.swift; sourceTree = "<group>"; };
		FAEDA5732CD8C72D0031AB43 /* LocalNotificationVC.swift */ = {isa = PBXFileReference; fileEncoding = 4; lastKnownFileType = sourcecode.swift; path = LocalNotificationVC.swift; sourceTree = "<group>"; };
		FAF42EEF2D1A47F50070AF49 /* DisplayWebController.swift */ = {isa = PBXFileReference; lastKnownFileType = sourcecode.swift; path = DisplayWebController.swift; sourceTree = "<group>"; };
		FAFCDC392CCF940200BACEC5 /* GroupDateVC.swift */ = {isa = PBXFileReference; lastKnownFileType = sourcecode.swift; path = GroupDateVC.swift; sourceTree = "<group>"; };
		FAFCDC492CCF993400BACEC5 /* ExpandedMultipleSectionCell.swift */ = {isa = PBXFileReference; fileEncoding = 4; lastKnownFileType = sourcecode.swift; path = ExpandedMultipleSectionCell.swift; sourceTree = "<group>"; };
		FAFCDC4A2CCF993400BACEC5 /* ExspandTableVC.swift */ = {isa = PBXFileReference; fileEncoding = 4; lastKnownFileType = sourcecode.swift; path = ExspandTableVC.swift; sourceTree = "<group>"; };
		FAFCDC4C2CCF993400BACEC5 /* ExspandSingleSectionVC.swift */ = {isa = PBXFileReference; fileEncoding = 4; lastKnownFileType = sourcecode.swift; path = ExspandSingleSectionVC.swift; sourceTree = "<group>"; };
		FAFCDC4D2CCF993400BACEC5 /* ExpandedMultipleSectionVC.swift */ = {isa = PBXFileReference; fileEncoding = 4; lastKnownFileType = sourcecode.swift; path = ExpandedMultipleSectionVC.swift; sourceTree = "<group>"; };
		FAFCDC522CCF9AA100BACEC5 /* MainButton.swift */ = {isa = PBXFileReference; lastKnownFileType = sourcecode.swift; path = MainButton.swift; sourceTree = "<group>"; };
		FAFCDC572CCF9D7700BACEC5 /* MenuDragDropCell.swift */ = {isa = PBXFileReference; fileEncoding = 4; lastKnownFileType = sourcecode.swift; path = MenuDragDropCell.swift; sourceTree = "<group>"; };
		FAFCDC582CCF9D7700BACEC5 /* DragDropCollectionVC.swift */ = {isa = PBXFileReference; fileEncoding = 4; lastKnownFileType = sourcecode.swift; path = DragDropCollectionVC.swift; sourceTree = "<group>"; };
/* End PBXFileReference section */

/* Begin PBXFrameworksBuildPhase section */
		FA494B972C69EB9C0086D346 /* Frameworks */ = {
			isa = PBXFrameworksBuildPhase;
			buildActionMask = 2147483647;
			files = (
				4BE1D14C6CA6CBE51A0DC2F7 /* Pods_CoreStructure_iOS.framework in Frameworks */,
			);
			runOnlyForDeploymentPostprocessing = 0;
		};
/* End PBXFrameworksBuildPhase section */

/* Begin PBXGroup section */
		3A10CB71BE3CCF8869ECF84F /* Frameworks */ = {
			isa = PBXGroup;
			children = (
				D11530C57B2D2D4D5E0D1486 /* Pods_CoreStructure_iOS.framework */,
			);
			name = Frameworks;
			sourceTree = "<group>";
		};
		9FF0C3991FCAEC5EFAE4242D /* Pods */ = {
			isa = PBXGroup;
			children = (
				F6CFEBEE300FFF8CD5631BED /* Pods-CoreStructure_iOS.debug.xcconfig */,
				D021564CCDC1B6AB16162560 /* Pods-CoreStructure_iOS.debug aut.xcconfig */,
				21BC12FD561B95697846A1FC /* Pods-CoreStructure_iOS.debug pro.xcconfig */,
				A085171C6759845390D7B0A8 /* Pods-CoreStructure_iOS.release.xcconfig */,
			);
			path = Pods;
			sourceTree = "<group>";
		};
		FA022D4A2CB769E000D3C039 /* CenteringCell */ = {
			isa = PBXGroup;
			children = (
				FA022D4B2CB76A1C00D3C039 /* CenteringCellVC.swift */,
				FA022D4D2CB76A5800D3C039 /* CardCell.swift */,
			);
			path = CenteringCell;
			sourceTree = "<group>";
		};
		FA022D562CB777AE00D3C039 /* Kanban */ = {
			isa = PBXGroup;
			children = (
				FA022D572CB777AE00D3C039 /* Model */,
				FA022D592CB777AE00D3C039 /* View */,
			);
			path = Kanban;
			sourceTree = "<group>";
		};
		FA022D572CB777AE00D3C039 /* Model */ = {
			isa = PBXGroup;
			children = (
				FA022D582CB777AE00D3C039 /* Board.swift */,
			);
			path = Model;
			sourceTree = "<group>";
		};
		FA022D592CB777AE00D3C039 /* View */ = {
			isa = PBXGroup;
			children = (
				FA022D5A2CB777AE00D3C039 /* BoardCollectionVC.swift */,
				FA022D5B2CB777AE00D3C039 /* Cell */,
			);
			path = View;
			sourceTree = "<group>";
		};
		FA022D5B2CB777AE00D3C039 /* Cell */ = {
			isa = PBXGroup;
			children = (
				FA022D5C2CB777AE00D3C039 /* BoardTableViewCell.swift */,
				FA022D5D2CB777AE00D3C039 /* BoardCollectionViewCell.swift */,
			);
			path = Cell;
			sourceTree = "<group>";
		};
		FA022D632CB77CA300D3C039 /* Helpers */ = {
			isa = PBXGroup;
			children = (
				FA8409D12CCA2EBD004293A9 /* Handler */,
				FA2B10982CB7E1DF0095CDB1 /* Utility */,
				FAB5D63F2C6C3D4800A31A6F /* Emun */,
				FAB5D63E2C6C3D4100A31A6F /* Models */,
			);
			path = Helpers;
			sourceTree = "<group>";
		};
		FA0664272CD1EAAF00694A9B /* DemoScreen */ = {
			isa = PBXGroup;
			children = (
				FAEDA5732CD8C72D0031AB43 /* LocalNotificationVC.swift */,
				FAFCDC392CCF940200BACEC5 /* GroupDateVC.swift */,
				FA2356542CCF2D8300BD685B /* PanGestureVC.swift */,
				FA837E022C9B31D300213AE4 /* DemoFeatureVC.swift */,
				FA0664252CD1EA7C00694A9B /* ButtonOntheKeyboradVC.swift */,
				FA06642A2CD21DF700694A9B /* PanGestureTwoVC.swift */,
				FA89F9372CD363DC00015989 /* HandleNavigationBarVC.swift */,
				FA88D4082CDB5B65004EE80F /* PagViewControllerWithButtonVC.swift */,
				FA068B0A2C954E50006A5A58 /* OTPVC.swift */,
				FAA80CF92CDC4F81001A8EEA /* HtmlVC.swift */,
				FA8061332CF56BAD00CC13E4 /* DragDropCell.swift */,
				FA5C30FE2CF5CD45002ABA39 /* ScannerController.swift */,
			);
			path = DemoScreen;
			sourceTree = "<group>";
		};
		FA068B0F2C97EA31006A5A58 /* OTP */ = {
			isa = PBXGroup;
			children = (
				FA068B122C97EA31006A5A58 /* OneTimeCodeTextField.swift */,
				FA068B112C97EA31006A5A58 /* OneTimeCodeTextFieldDelegate.swift */,
				FA068B102C97EA31006A5A58 /* OneTimeCodeTextFieldExtension.swift */,
			);
			path = OTP;
			sourceTree = "<group>";
		};
		FA2B10952CB7DB500095CDB1 /* AlertManager */ = {
			isa = PBXGroup;
			children = (
				FA2B108C2CB786EF0095CDB1 /* AlertErrorVC.swift */,
				FA2B108A2CB786EF0095CDB1 /* AlertMessage.swift */,
				FA2B108D2CB786EF0095CDB1 /* AlertInternetVC.swift */,
			);
			path = AlertManager;
			sourceTree = "<group>";
		};
		FA2B10972CB7E1890095CDB1 /* Utility */ = {
			isa = PBXGroup;
			children = (
				FA87CD772C799DB900349364 /* PageVC.swift */,
				FA494BE32C6A19C70086D346 /* PasscodeVC.swift */,
				FAB5D6442C6CB0E900A31A6F /* CheckmarkView.swift */,
				FA81F0A92C7DD74D003B7EA6 /* PresentationStyle.swift */,
				FA81F0A52C7DCF72003B7EA6 /* BlurredBackgroundView.swift */,
				FA4775C12C7C8CCA002DC134 /* BottomSheetViewController.swift */,
				FA11394E2CBCF35600F76FF2 /* MainPageVC.swift */,
				FAFCDC522CCF9AA100BACEC5 /* MainButton.swift */,
				FAA16D3C2CDDA0B7004D1B97 /* MainTextField.swift */,
				FAA16D3E2CDDAF82004D1B97 /* SSPaddingLabel.swift */,
				FA7EFA2C2CF57CAD001FDFEC /* MoreView.swift */,
				FA88F1702CF9BD0000B37C73 /* DashedLineView.swift */,
				FA88F1722CF9C04800B37C73 /* TriangleView.swift */,
			);
			path = Utility;
			sourceTree = "<group>";
		};
		FA2B10982CB7E1DF0095CDB1 /* Utility */ = {
			isa = PBXGroup;
			children = (
				FA81F0A72C7DD281003B7EA6 /* AESUtils.swift */,
				FA4775B12C7C1FC8002DC134 /* DataManager.swift */,
				FA2B109D2CB8D0930095CDB1 /* FileSharing.swift */,
				FA022D6A2CB77CA300D3C039 /* DateManager.swift */,
				FA36BAF02C7ECF6E005A49C5 /* GlobalVariables.swift */,
				FA022D672CB77CA300D3C039 /* TimeAgoFormatter.swift */,
				FA494BDF2C6A16FE0086D346 /* FingerPrintAndFaceID.swift */,
				FA022D692CB77CA300D3C039 /* UPCarouselFlowLayout.swift */,
				FA022D652CB77CA300D3C039 /* RelativeLayoutUtilityClass.swift */,
				FA9FEC2A2CC76342008D421D /* TimerStartAndStop.swift */,
				FA849AE42CCB2B5300A34B89 /* ContentSizedTableAndCollectionView.swift */,
				FA88FD392CCCE23500FD115B /* AppConstants.swift */,
				FA8E80DD2CCCED600091EDF1 /* ConstantsHeight.swift */,
				FA0664282CD2184800694A9B /* Language.swift */,
				FA7FF8D82CDC655300C824BD /* SetupLanguage.swift */,
			);
			path = Utility;
			sourceTree = "<group>";
		};
		FA2B109B2CB8CD040095CDB1 /* Passcode */ = {
			isa = PBXGroup;
			children = (
			);
			path = Passcode;
			sourceTree = "<group>";
		};
		FA2B109C2CB8CD170095CDB1 /* ScanQR */ = {
			isa = PBXGroup;
			children = (
			);
			path = ScanQR;
			sourceTree = "<group>";
		};
		FA2B109F2CB8D78C0095CDB1 /* MissingFeature */ = {
			isa = PBXGroup;
			children = (
				FA81F0AD2C7DDA53003B7EA6 /* DragdropCollection */,
				FA2B109C2CB8CD170095CDB1 /* ScanQR */,
				FA2B109B2CB8CD040095CDB1 /* Passcode */,
			);
			path = MissingFeature;
			sourceTree = "<group>";
		};
		FA45CE502C92CF72000DA118 /* UIKitDataTypes */ = {
			isa = PBXGroup;
			children = (
				FA87CD9B2C79A08D00349364 /* UIFont + Extension.swift */,
				FA4775C32C7C8EDB002DC134 /* UIView + Extension.swift */,
				FA4775AC2C7C1BA4002DC134 /* UILabel + Extension.swift */,
				FA2B10872CB785690095CDB1 /* UIColor + Extension.swift */,
				FA87CD992C79A08100349364 /* UIImage + Extension.swift */,
				FA36BAEA2C7EBD8A005A49C5 /* UIDevice + Extension.swift */,
				FA87CD862C799FFB00349364 /* UITableView + Extension.swift */,
				FAE400DD2C7D8CC4001D031F /* UIImageView + Extension.swift */,
				FA2B10912CB78C000095CDB1 /* UserDefaults + Extension.swift */,
				FA87CD8B2C79A01A00349364 /* UITableViewCell + Extension.swift */,
				FA4775BC2C7C2F9C002DC134 /* UIViewController + Extension.swift */,
				FA87CD882C79A00900349364 /* UICollectionView + Extension.swift */,
				FA87CD8D2C79A02700349364 /* UICollectionViewCell + Extension.swift */,
				FA2B10992CB8BF200095CDB1 /* UITextField + Extension.swift */,
				FA2B10A02CB8E0D80095CDB1 /* UIButton + Extension.swift */,
				FA4399D72CCAAED000D508C5 /* UIScrollView + Extension.swift */,
				FAA80CF72CDC4D9C001A8EEA /* UINavigationController + Extension.swift */,
				FAAA11862CDFC01F00EA15E3 /* NotificationName + Extension.swift */,
				FA1627642CED78A500418ECD /* CALayer + Extension.swift */,
			);
			path = UIKitDataTypes;
			sourceTree = "<group>";
		};
		FA4775AE2C7C1EC3002DC134 /* Enviroments */ = {
			isa = PBXGroup;
			children = (
				FA45CE562C92D765000DA118 /* dev.xcconfig */,
				FA45CE572C92D77B000DA118 /* uat.xcconfig */,
				FA45CE582C92D78B000DA118 /* pro.xcconfig */,
			);
			path = Enviroments;
			sourceTree = "<group>";
		};
		FA4775B32C7C225F002DC134 /* BasicDataTypes */ = {
			isa = PBXGroup;
			children = (
				FA4775BA2C7C22C7002DC134 /* Int + Extension.swift */,
				FA4775B82C7C22B3002DC134 /* Float + Extension.swift */,
				FA4775B42C7C2289002DC134 /* String + Extension.swift */,
				FA4775B62C7C2295002DC134 /* Double + Extension.swift */,
			);
			path = BasicDataTypes;
			sourceTree = "<group>";
		};
		FA4775C52C7C97DF002DC134 /* PresentViewController */ = {
			isa = PBXGroup;
			children = (
				FA4775C72C7C9924002DC134 /* DemoBottomSheetViewController.swift */,
			);
			path = PresentViewController;
			sourceTree = "<group>";
		};
		FA4775CD2C7CA7E6002DC134 /* List ViewController */ = {
			isa = PBXGroup;
			children = (
				FA4775CE2C7CA821002DC134 /* ListViewController.swift */,
			);
			path = "List ViewController";
			sourceTree = "<group>";
		};
		FA494B912C69EB9B0086D346 = {
			isa = PBXGroup;
			children = (
				FA494B9C2C69EB9C0086D346 /* CoreStructure_iOS */,
				FA494B9B2C69EB9C0086D346 /* Products */,
				9FF0C3991FCAEC5EFAE4242D /* Pods */,
				3A10CB71BE3CCF8869ECF84F /* Frameworks */,
			);
			sourceTree = "<group>";
		};
		FA494B9B2C69EB9C0086D346 /* Products */ = {
			isa = PBXGroup;
			children = (
				FA494B9A2C69EB9C0086D346 /* CoreStructure_iOS.app */,
			);
			name = Products;
			sourceTree = "<group>";
		};
		FA494B9C2C69EB9C0086D346 /* CoreStructure_iOS */ = {
			isa = PBXGroup;
			children = (
				FA494BB12C6A05810086D346 /* Application */,
				FA4775AE2C7C1EC3002DC134 /* Enviroments */,
				FA494BB22C6A05950086D346 /* Services */,
				FA494BBA2C6A08C40086D346 /* Feature + Scenes */,
				FA494BB32C6A05A20086D346 /* Utilities */,
				FA494BB42C6A05BA0086D346 /* Resources */,
				FA7FF8D22CDC581300C824BD /* Supporting */,
			);
			path = CoreStructure_iOS;
			sourceTree = "<group>";
		};
		FA494BB12C6A05810086D346 /* Application */ = {
			isa = PBXGroup;
			children = (
				FA494B9D2C69EB9C0086D346 /* AppDelegate.swift */,
				FA494B9F2C69EB9C0086D346 /* SceneDelegate.swift */,
				FA8D7D762CDBC71900B45826 /* AppConfiguration.swift */,
			);
			path = Application;
			sourceTree = "<group>";
		};
		FA494BB22C6A05950086D346 /* Services */ = {
			isa = PBXGroup;
			children = (
				FA494BD72C6A0EC00086D346 /* Loading.swift */,
				FA494BD52C6A0DCF0086D346 /* Endpoints.swift */,
				FA494BD12C6A0D6D0086D346 /* ApiManager.swift */,
				FA494BDB2C6A12060086D346 /* DebuggerRespose.swift */,
			);
			path = Services;
			sourceTree = "<group>";
		};
		FA494BB32C6A05A20086D346 /* Utilities */ = {
			isa = PBXGroup;
			children = (
				FA022D632CB77CA300D3C039 /* Helpers */,
				FA494BB52C6A06880086D346 /* Extensions */,
				FA494BB62C6A06900086D346 /* Components */,
				FAD0ABB42C992C0200608D7F /* Note + Read.swift */,
			);
			path = Utilities;
			sourceTree = "<group>";
		};
		FA494BB42C6A05BA0086D346 /* Resources */ = {
			isa = PBXGroup;
			children = (
				FA494BA32C69EB9C0086D346 /* Main.storyboard */,
				FA494BA62C69EBD70086D346 /* Assets.xcassets */,
				FA494BA82C69EBD70086D346 /* LaunchScreen.storyboard */,
				FA494BAB2C69EBD70086D346 /* Info.plist */,
			);
			path = Resources;
			sourceTree = "<group>";
		};
		FA494BB52C6A06880086D346 /* Extensions */ = {
			isa = PBXGroup;
			children = (
				FA4775B32C7C225F002DC134 /* BasicDataTypes */,
				FA45CE502C92CF72000DA118 /* UIKitDataTypes */,
			);
			path = Extensions;
			sourceTree = "<group>";
		};
		FA494BB62C6A06900086D346 /* Components */ = {
			isa = PBXGroup;
			children = (
				FA9AE47B2CDB2B4300A07C50 /* PagviewController */,
				FAB5D63C2C6C3D1900A31A6F /* TableViewCell + Components */,
				FA2B10972CB7E1890095CDB1 /* Utility */,
				FA068B0F2C97EA31006A5A58 /* OTP */,
				FA97E6812C9ACA33003C0966 /* TabBar */,
				FA2B10952CB7DB500095CDB1 /* AlertManager */,
			);
			path = Components;
			sourceTree = "<group>";
		};
		FA494BBA2C6A08C40086D346 /* Feature + Scenes */ = {
			isa = PBXGroup;
			children = (
				FAF42EF82D1A72FC0070AF49 /* New Group1 */,
				FAA3DF292CFF07ED00AD6DA0 /* New Group */,
				FAF42EEF2D1A47F50070AF49 /* DisplayWebController.swift */,
			);
			path = "Feature + Scenes";
			sourceTree = "<group>";
		};
		FA6D52D42C9A745C00710D93 /* PreventionScreen */ = {
			isa = PBXGroup;
			children = (
				FA6D52D52C9A748F00710D93 /* PreventionVC.swift */,
			);
			path = PreventionScreen;
			sourceTree = "<group>";
		};
		FA7FF8D22CDC581300C824BD /* Supporting */ = {
			isa = PBXGroup;
			children = (
				FA7FF8EA2CDC722B00C824BD /* Localizable.strings */,
				FA8D7D782CDBC80200B45826 /* GoogleService-Info.plist */,
			);
			path = Supporting;
			sourceTree = "<group>";
		};
		FA7FF8D32CDC587B00C824BD /* Views */ = {
			isa = PBXGroup;
			children = (
				FA7C0B2D2CDE1CEB00DDB3E6 /* SliderController.swift */,
				FA7FF8DA2CDC662E00C824BD /* LocalizableContoller.swift */,
				FA88C16B2CDE7E1A00E006D0 /* DragDropTableViewCellContoler.swift */,
			);
			path = Views;
			sourceTree = "<group>";
		};
		FA7FF8D42CDC588200C824BD /* ViewModels */ = {
			isa = PBXGroup;
			children = (
			);
			path = ViewModels;
			sourceTree = "<group>";
		};
		FA7FF8D62CDC58E000C824BD /* Models */ = {
			isa = PBXGroup;
			children = (
			);
			path = Models;
			sourceTree = "<group>";
		};
		FA7FF8D72CDC58E900C824BD /* MVVM */ = {
			isa = PBXGroup;
			children = (
				FA7FF8D62CDC58E000C824BD /* Models */,
				FA7FF8D42CDC588200C824BD /* ViewModels */,
				FA7FF8D32CDC587B00C824BD /* Views */,
			);
			path = MVVM;
			sourceTree = "<group>";
		};
		FA81F0AD2C7DDA53003B7EA6 /* DragdropCollection */ = {
			isa = PBXGroup;
			children = (
			);
			path = DragdropCollection;
			sourceTree = "<group>";
		};
		FA837E062C9BD83900213AE4 /* Home */ = {
			isa = PBXGroup;
			children = (
				FA837E0B2C9BDBA400213AE4 /* View */,
				FA837E0C2C9BDBAC00213AE4 /* ViewModel */,
			);
			path = Home;
			sourceTree = "<group>";
		};
		FA837E0B2C9BDBA400213AE4 /* View */ = {
			isa = PBXGroup;
			children = (
				FA837E072C9BD85A00213AE4 /* HomeVC.swift */,
			);
			path = View;
			sourceTree = "<group>";
		};
		FA837E0C2C9BDBAC00213AE4 /* ViewModel */ = {
			isa = PBXGroup;
			children = (
				FA837E092C9BDB9900213AE4 /* HomeVM.swift */,
			);
			path = ViewModel;
			sourceTree = "<group>";
		};
		FA8409D12CCA2EBD004293A9 /* Handler */ = {
			isa = PBXGroup;
			children = (
				FA8409D22CCA2ED5004293A9 /* TableViewHandler.swift */,
				FA8409D82CCA3A0F004293A9 /* CollectionViewHandler.swift */,
			);
			path = Handler;
			sourceTree = "<group>";
		};
		FA8409D42CCA2FAB004293A9 /* How to using  */ = {
			isa = PBXGroup;
			children = (
				FA8409D52CCA2FD7004293A9 /* TableHandlerVC.swift */,
				FA8409DA2CCA3A67004293A9 /* CollectionHandlerVC.swift */,
				FA9C00092CCBEE6500F277E3 /* TestingVC.swift */,
			);
			path = "How to using ";
			sourceTree = "<group>";
		};
		FA887FA32CEB21CF00AFD96C /* BVM */ = {
			isa = PBXGroup;
			children = (
				FA887FA42CEB21F100AFD96C /* BVM_VIP_VC.swift */,
				FA887FA62CEB220700AFD96C /* BVM_VIP_View.swift */,
			);
			path = BVM;
			sourceTree = "<group>";
		};
		FA97E6812C9ACA33003C0966 /* TabBar */ = {
			isa = PBXGroup;
			children = (
				FA97E6822C9ACAFD003C0966 /* OriginalTabBarVC.swift */,
				FA97E6842C9AD1A7003C0966 /* CustomTabBarVC.swift */,
				FA837DFE2C9AF35800213AE4 /* CustomTabBarCell.swift */,
			);
			path = TabBar;
			sourceTree = "<group>";
		};
		FA9AE47B2CDB2B4300A07C50 /* PagviewController */ = {
			isa = PBXGroup;
			children = (
				FA9AE4792CDB212700A07C50 /* PageViewController.swift */,
				FAED81362CDB0A3800E5A2D5 /* SegmentedView.swift */,
			);
			path = PagviewController;
			sourceTree = "<group>";
		};
		FA9C000B2CCBEEE900F277E3 /* SplashScreen */ = {
			isa = PBXGroup;
			children = (
				FA9C00102CCC10A800F277E3 /* SelfSizingViewController.swift */,
				FA88FD372CCCE1E400FD115B /* SplashScreenVC.swift */,
			);
			path = SplashScreen;
			sourceTree = "<group>";
		};
		FAA3DF292CFF07ED00AD6DA0 /* New Group */ = {
			isa = PBXGroup;
			children = (
				FA887FA32CEB21CF00AFD96C /* BVM */,
				FA7FF8D72CDC58E900C824BD /* MVVM */,
				FA0664272CD1EAAF00694A9B /* DemoScreen */,
				FAFCDC562CCF9D7700BACEC5 /* DragDropCollection */,
				FAFCDC472CCF993400BACEC5 /* ExspandTableView */,
				FAFCDC382CCF7ECE00BACEC5 /* TestingStructure */,
				FA9C000B2CCBEEE900F277E3 /* SplashScreen */,
				FA8409D42CCA2FAB004293A9 /* How to using  */,
				FA2B109F2CB8D78C0095CDB1 /* MissingFeature */,
				FA837E062C9BD83900213AE4 /* Home */,
				FA022D562CB777AE00D3C039 /* Kanban */,
				FA022D4A2CB769E000D3C039 /* CenteringCell */,
				FA6D52D42C9A745C00710D93 /* PreventionScreen */,
				FA4775CD2C7CA7E6002DC134 /* List ViewController */,
				FA4775C52C7C97DF002DC134 /* PresentViewController */,
			);
			path = "New Group";
			sourceTree = "<group>";
		};
		FAB5D63C2C6C3D1900A31A6F /* TableViewCell + Components */ = {
			isa = PBXGroup;
			children = (
				FAB5D6402C6C3DA600A31A6F /* TitleWithValueTableViewCell.swift */,
			);
			path = "TableViewCell + Components";
			sourceTree = "<group>";
		};
		FAB5D63E2C6C3D4100A31A6F /* Models */ = {
			isa = PBXGroup;
			children = (
				FA87CD792C799EB200349364 /* Models.swift */,
			);
			path = Models;
			sourceTree = "<group>";
		};
		FAB5D63F2C6C3D4800A31A6F /* Emun */ = {
			isa = PBXGroup;
			children = (
				FA612AAB2C787A23001E4365 /* Enum.swift */,
				FAD38F2E2D14132200588DFA /* TransactionTypesEnum.swift */,
			);
			path = Emun;
			sourceTree = "<group>";
		};
		FAF42EF12D1A48D10070AF49 /* Home + Feature */ = {
			isa = PBXGroup;
			children = (
			);
			path = "Home + Feature";
			sourceTree = "<group>";
		};
		FAF42EF22D1A48F20070AF49 /* Setting + Feature */ = {
			isa = PBXGroup;
			children = (
			);
			path = "Setting + Feature";
			sourceTree = "<group>";
		};
		FAF42EF32D1A49090070AF49 /* GoogleMaps + Feature */ = {
			isa = PBXGroup;
			children = (
			);
			path = "GoogleMaps + Feature";
			sourceTree = "<group>";
		};
		FAF42EF42D1A495A0070AF49 /* TabBar + Feature */ = {
			isa = PBXGroup;
			children = (
				FAF42EF32D1A49090070AF49 /* GoogleMaps + Feature */,
				FAF42EF22D1A48F20070AF49 /* Setting + Feature */,
				FAF42EF12D1A48D10070AF49 /* Home + Feature */,
			);
			path = "TabBar + Feature";
			sourceTree = "<group>";
		};
		FAF42EF52D1A49670070AF49 /* Login + Feature */ = {
			isa = PBXGroup;
			children = (
			);
			path = "Login + Feature";
			sourceTree = "<group>";
		};
		FAF42EF62D1A497E0070AF49 /* Register + Feature */ = {
			isa = PBXGroup;
			children = (
			);
			path = "Register + Feature";
			sourceTree = "<group>";
		};
		FAF42EF82D1A72FC0070AF49 /* New Group1 */ = {
			isa = PBXGroup;
			children = (
				FAF42EF62D1A497E0070AF49 /* Register + Feature */,
				FAF42EF52D1A49670070AF49 /* Login + Feature */,
				FAF42EF42D1A495A0070AF49 /* TabBar + Feature */,
			);
			path = "New Group1";
			sourceTree = "<group>";
		};
		FAFCDC332CCF68C400BACEC5 /* Home + Feature */ = {
			isa = PBXGroup;
			children = (
				FAFCDC462CCF94B100BACEC5 /* ViewModel */,
				FAFCDC452CCF94AC00BACEC5 /* View */,
				FAFCDC442CCF949E00BACEC5 /* Model */,
			);
			path = "Home + Feature";
			sourceTree = "<group>";
		};
		FAFCDC342CCF68D500BACEC5 /* More + Feature */ = {
			isa = PBXGroup;
			children = (
				FAFCDC432CCF949800BACEC5 /* ViewModel */,
				FAFCDC422CCF948E00BACEC5 /* View */,
				FAFCDC412CCF948800BACEC5 /* Model */,
			);
			path = "More + Feature";
			sourceTree = "<group>";
		};
		FAFCDC352CCF68ED00BACEC5 /* Reward + Feature */ = {
			isa = PBXGroup;
			children = (
				FAFCDC402CCF947500BACEC5 /* ViewModel */,
				FAFCDC3F2CCF946D00BACEC5 /* View */,
				FAFCDC3E2CCF946700BACEC5 /* Model */,
			);
			path = "Reward + Feature";
			sourceTree = "<group>";
		};
		FAFCDC362CCF690500BACEC5 /* Maps + Feature */ = {
			isa = PBXGroup;
			children = (
				FAFCDC3D2CCF945A00BACEC5 /* ViewModel */,
				FAFCDC3C2CCF945000BACEC5 /* View */,
				FAFCDC3B2CCF944200BACEC5 /* Model */,
			);
			path = "Maps + Feature";
			sourceTree = "<group>";
		};
		FAFCDC382CCF7ECE00BACEC5 /* TestingStructure */ = {
			isa = PBXGroup;
			children = (
				FAFCDC362CCF690500BACEC5 /* Maps + Feature */,
				FAFCDC352CCF68ED00BACEC5 /* Reward + Feature */,
				FAFCDC342CCF68D500BACEC5 /* More + Feature */,
				FAFCDC332CCF68C400BACEC5 /* Home + Feature */,
			);
			path = TestingStructure;
			sourceTree = "<group>";
		};
		FAFCDC3B2CCF944200BACEC5 /* Model */ = {
			isa = PBXGroup;
			children = (
			);
			path = Model;
			sourceTree = "<group>";
		};
		FAFCDC3C2CCF945000BACEC5 /* View */ = {
			isa = PBXGroup;
			children = (
				FA89F9392CD3805600015989 /* GoogleMapsVC.swift */,
			);
			path = View;
			sourceTree = "<group>";
		};
		FAFCDC3D2CCF945A00BACEC5 /* ViewModel */ = {
			isa = PBXGroup;
			children = (
			);
			path = ViewModel;
			sourceTree = "<group>";
		};
		FAFCDC3E2CCF946700BACEC5 /* Model */ = {
			isa = PBXGroup;
			children = (
			);
			path = Model;
			sourceTree = "<group>";
		};
		FAFCDC3F2CCF946D00BACEC5 /* View */ = {
			isa = PBXGroup;
			children = (
			);
			path = View;
			sourceTree = "<group>";
		};
		FAFCDC402CCF947500BACEC5 /* ViewModel */ = {
			isa = PBXGroup;
			children = (
			);
			path = ViewModel;
			sourceTree = "<group>";
		};
		FAFCDC412CCF948800BACEC5 /* Model */ = {
			isa = PBXGroup;
			children = (
			);
			path = Model;
			sourceTree = "<group>";
		};
		FAFCDC422CCF948E00BACEC5 /* View */ = {
			isa = PBXGroup;
			children = (
			);
			path = View;
			sourceTree = "<group>";
		};
		FAFCDC432CCF949800BACEC5 /* ViewModel */ = {
			isa = PBXGroup;
			children = (
			);
			path = ViewModel;
			sourceTree = "<group>";
		};
		FAFCDC442CCF949E00BACEC5 /* Model */ = {
			isa = PBXGroup;
			children = (
			);
			path = Model;
			sourceTree = "<group>";
		};
		FAFCDC452CCF94AC00BACEC5 /* View */ = {
			isa = PBXGroup;
			children = (
			);
			path = View;
			sourceTree = "<group>";
		};
		FAFCDC462CCF94B100BACEC5 /* ViewModel */ = {
			isa = PBXGroup;
			children = (
			);
			path = ViewModel;
			sourceTree = "<group>";
		};
		FAFCDC472CCF993400BACEC5 /* ExspandTableView */ = {
			isa = PBXGroup;
			children = (
				FAFCDC482CCF993400BACEC5 /* Cell */,
				FAFCDC4B2CCF993400BACEC5 /* View */,
			);
			path = ExspandTableView;
			sourceTree = "<group>";
		};
		FAFCDC482CCF993400BACEC5 /* Cell */ = {
			isa = PBXGroup;
			children = (
				FAFCDC492CCF993400BACEC5 /* ExpandedMultipleSectionCell.swift */,
			);
			path = Cell;
			sourceTree = "<group>";
		};
		FAFCDC4B2CCF993400BACEC5 /* View */ = {
			isa = PBXGroup;
			children = (
				FAFCDC4A2CCF993400BACEC5 /* ExspandTableVC.swift */,
				FAFCDC4C2CCF993400BACEC5 /* ExspandSingleSectionVC.swift */,
				FAFCDC4D2CCF993400BACEC5 /* ExpandedMultipleSectionVC.swift */,
			);
			path = View;
			sourceTree = "<group>";
		};
		FAFCDC562CCF9D7700BACEC5 /* DragDropCollection */ = {
			isa = PBXGroup;
			children = (
				FAFCDC572CCF9D7700BACEC5 /* MenuDragDropCell.swift */,
				FAFCDC582CCF9D7700BACEC5 /* DragDropCollectionVC.swift */,
			);
			path = DragDropCollection;
			sourceTree = "<group>";
		};
/* End PBXGroup section */

/* Begin PBXNativeTarget section */
		FA494B992C69EB9C0086D346 /* CoreStructure_iOS */ = {
			isa = PBXNativeTarget;
			buildConfigurationList = FA494BAE2C69EBD70086D346 /* Build configuration list for PBXNativeTarget "CoreStructure_iOS" */;
			buildPhases = (
				1BFCF7A4C70119A63CF71DAB /* [CP] Check Pods Manifest.lock */,
				FA494B962C69EB9C0086D346 /* Sources */,
				FA494B972C69EB9C0086D346 /* Frameworks */,
				FA494B982C69EB9C0086D346 /* Resources */,
				FA4B40992CE2ED56002353B9 /* Embed Foundation Extensions */,
				F48A0866039B299CDF8A1EF7 /* [CP] Embed Pods Frameworks */,
			);
			buildRules = (
			);
			dependencies = (
			);
			name = CoreStructure_iOS;
			productName = CoreStructure_iOS;
			productReference = FA494B9A2C69EB9C0086D346 /* CoreStructure_iOS.app */;
			productType = "com.apple.product-type.application";
		};
/* End PBXNativeTarget section */

/* Begin PBXProject section */
		FA494B922C69EB9B0086D346 /* Project object */ = {
			isa = PBXProject;
			attributes = {
				BuildIndependentTargetsInParallel = 1;
				LastSwiftUpdateCheck = 1520;
				LastUpgradeCheck = 1520;
				TargetAttributes = {
					FA494B992C69EB9C0086D346 = {
						CreatedOnToolsVersion = 15.2;
					};
				};
			};
			buildConfigurationList = FA494B952C69EB9B0086D346 /* Build configuration list for PBXProject "CoreStructure_iOS" */;
			compatibilityVersion = "Xcode 14.0";
			developmentRegion = en;
			hasScannedForEncodings = 0;
			knownRegions = (
				en,
				Base,
				km,
			);
			mainGroup = FA494B912C69EB9B0086D346;
			productRefGroup = FA494B9B2C69EB9C0086D346 /* Products */;
			projectDirPath = "";
			projectRoot = "";
			targets = (
				FA494B992C69EB9C0086D346 /* CoreStructure_iOS */,
			);
		};
/* End PBXProject section */

/* Begin PBXResourcesBuildPhase section */
		FA494B982C69EB9C0086D346 /* Resources */ = {
			isa = PBXResourcesBuildPhase;
			buildActionMask = 2147483647;
			files = (
				FA992E992CF8B84E007B2EB8 /* GoogleService-Info.plist in Resources */,
				FA7FF8E82CDC722B00C824BD /* Localizable.strings in Resources */,
				FA494BAA2C69EBD70086D346 /* LaunchScreen.storyboard in Resources */,
				FA494BA72C69EBD70086D346 /* Assets.xcassets in Resources */,
				FA494BA52C69EB9C0086D346 /* Main.storyboard in Resources */,
			);
			runOnlyForDeploymentPostprocessing = 0;
		};
/* End PBXResourcesBuildPhase section */

/* Begin PBXShellScriptBuildPhase section */
		1BFCF7A4C70119A63CF71DAB /* [CP] Check Pods Manifest.lock */ = {
			isa = PBXShellScriptBuildPhase;
			buildActionMask = 2147483647;
			files = (
			);
			inputFileListPaths = (
			);
			inputPaths = (
				"${PODS_PODFILE_DIR_PATH}/Podfile.lock",
				"${PODS_ROOT}/Manifest.lock",
			);
			name = "[CP] Check Pods Manifest.lock";
			outputFileListPaths = (
			);
			outputPaths = (
				"$(DERIVED_FILE_DIR)/Pods-CoreStructure_iOS-checkManifestLockResult.txt",
			);
			runOnlyForDeploymentPostprocessing = 0;
			shellPath = /bin/sh;
			shellScript = "diff \"${PODS_PODFILE_DIR_PATH}/Podfile.lock\" \"${PODS_ROOT}/Manifest.lock\" > /dev/null\nif [ $? != 0 ] ; then\n    # print error to STDERR\n    echo \"error: The sandbox is not in sync with the Podfile.lock. Run 'pod install' or update your CocoaPods installation.\" >&2\n    exit 1\nfi\n# This output is used by Xcode 'outputs' to avoid re-running this script phase.\necho \"SUCCESS\" > \"${SCRIPT_OUTPUT_FILE_0}\"\n";
			showEnvVarsInLog = 0;
		};
		F48A0866039B299CDF8A1EF7 /* [CP] Embed Pods Frameworks */ = {
			isa = PBXShellScriptBuildPhase;
			buildActionMask = 2147483647;
			files = (
			);
			inputFileListPaths = (
				"${PODS_ROOT}/Target Support Files/Pods-CoreStructure_iOS/Pods-CoreStructure_iOS-frameworks-${CONFIGURATION}-input-files.xcfilelist",
			);
			name = "[CP] Embed Pods Frameworks";
			outputFileListPaths = (
				"${PODS_ROOT}/Target Support Files/Pods-CoreStructure_iOS/Pods-CoreStructure_iOS-frameworks-${CONFIGURATION}-output-files.xcfilelist",
			);
			runOnlyForDeploymentPostprocessing = 0;
			shellPath = /bin/sh;
			shellScript = "\"${PODS_ROOT}/Target Support Files/Pods-CoreStructure_iOS/Pods-CoreStructure_iOS-frameworks.sh\"\n";
			showEnvVarsInLog = 0;
		};
/* End PBXShellScriptBuildPhase section */

/* Begin PBXSourcesBuildPhase section */
		FA494B962C69EB9C0086D346 /* Sources */ = {
			isa = PBXSourcesBuildPhase;
			buildActionMask = 2147483647;
			files = (
				FA992E9A2CF8BE98007B2EB8 /* AppDelegate.swift in Sources */,
				FA992E9B2CF8BE98007B2EB8 /* SceneDelegate.swift in Sources */,
				FA992E9C2CF8BE98007B2EB8 /* AppConfiguration.swift in Sources */,
				FA992E9D2CF8BE98007B2EB8 /* Loading.swift in Sources */,
				FA992E9E2CF8BE98007B2EB8 /* Endpoints.swift in Sources */,
				FA992E9F2CF8BE98007B2EB8 /* ApiManager.swift in Sources */,
				FA992EA02CF8BE98007B2EB8 /* DebuggerRespose.swift in Sources */,
				FA992EAA2CF8BE98007B2EB8 /* BVM_VIP_VC.swift in Sources */,
				FA992EAB2CF8BE98007B2EB8 /* BVM_VIP_View.swift in Sources */,
				FA992EAC2CF8BE98007B2EB8 /* SliderController.swift in Sources */,
				FA992EAD2CF8BE98007B2EB8 /* LocalizableContoller.swift in Sources */,
				FA992EAE2CF8BE98007B2EB8 /* DragDropTableViewCellContoler.swift in Sources */,
				FA992EAF2CF8BE98007B2EB8 /* LocalNotificationVC.swift in Sources */,
				FA992EB02CF8BE98007B2EB8 /* GroupDateVC.swift in Sources */,
				FA992EB12CF8BE98007B2EB8 /* PanGestureVC.swift in Sources */,
				FAF42EF02D1A47F50070AF49 /* DisplayWebController.swift in Sources */,
				FA992EB22CF8BE98007B2EB8 /* DemoFeatureVC.swift in Sources */,
				FA992EB32CF8BE98007B2EB8 /* ButtonOntheKeyboradVC.swift in Sources */,
				FA992EB42CF8BE98007B2EB8 /* PanGestureTwoVC.swift in Sources */,
				FA992EB52CF8BE98007B2EB8 /* HandleNavigationBarVC.swift in Sources */,
				FA992EB62CF8BE98007B2EB8 /* PagViewControllerWithButtonVC.swift in Sources */,
				FA992EB72CF8BE98007B2EB8 /* OTPVC.swift in Sources */,
				FA992EB82CF8BE98007B2EB8 /* HtmlVC.swift in Sources */,
				FA992EB92CF8BE98007B2EB8 /* DragDropCell.swift in Sources */,
				FA992EBA2CF8BE98007B2EB8 /* ScannerController.swift in Sources */,
				FA992EBB2CF8BE98007B2EB8 /* MenuDragDropCell.swift in Sources */,
				FA88F1732CF9C04800B37C73 /* TriangleView.swift in Sources */,
				FA992EBC2CF8BE98007B2EB8 /* DragDropCollectionVC.swift in Sources */,
				FA992EBD2CF8BE98007B2EB8 /* ExpandedMultipleSectionCell.swift in Sources */,
				FA992EBE2CF8BE98007B2EB8 /* ExspandTableVC.swift in Sources */,
				FA992EBF2CF8BE98007B2EB8 /* ExspandSingleSectionVC.swift in Sources */,
				FA992EC02CF8BE98007B2EB8 /* ExpandedMultipleSectionVC.swift in Sources */,
				FA992EC12CF8BE98007B2EB8 /* GoogleMapsVC.swift in Sources */,
				FA992EC22CF8BE98007B2EB8 /* SelfSizingViewController.swift in Sources */,
				FA992EC32CF8BE98007B2EB8 /* SplashScreenVC.swift in Sources */,
				FA992EC42CF8BE98007B2EB8 /* TableHandlerVC.swift in Sources */,
				FA992EC52CF8BE98007B2EB8 /* CollectionHandlerVC.swift in Sources */,
				FA992EC62CF8BE98007B2EB8 /* TestingVC.swift in Sources */,
				FA992EC72CF8BE98007B2EB8 /* HomeVC.swift in Sources */,
				FA992EC82CF8BE98007B2EB8 /* HomeVM.swift in Sources */,
				FA992EC92CF8BE98007B2EB8 /* Board.swift in Sources */,
				FA992ECA2CF8BE98007B2EB8 /* BoardCollectionVC.swift in Sources */,
				FA992ECB2CF8BE98007B2EB8 /* BoardTableViewCell.swift in Sources */,
				FA992ECC2CF8BE98007B2EB8 /* BoardCollectionViewCell.swift in Sources */,
				FA992ECD2CF8BE98007B2EB8 /* CenteringCellVC.swift in Sources */,
				FA992ECE2CF8BE98007B2EB8 /* CardCell.swift in Sources */,
				FA992ECF2CF8BE98007B2EB8 /* PreventionVC.swift in Sources */,
				FA992ED02CF8BE98007B2EB8 /* ListViewController.swift in Sources */,
				FA992ED12CF8BE98007B2EB8 /* DemoBottomSheetViewController.swift in Sources */,
				FA992ED22CF8BE98007B2EB8 /* TableViewHandler.swift in Sources */,
				FA992ED32CF8BE98007B2EB8 /* CollectionViewHandler.swift in Sources */,
				FA992ED42CF8BE98007B2EB8 /* AESUtils.swift in Sources */,
				FA992ED52CF8BE98007B2EB8 /* DataManager.swift in Sources */,
				FA992ED62CF8BE98007B2EB8 /* FileSharing.swift in Sources */,
				FA992ED72CF8BE98007B2EB8 /* DateManager.swift in Sources */,
				FA992ED82CF8BE98007B2EB8 /* GlobalVariables.swift in Sources */,
				FA992ED92CF8BE98007B2EB8 /* TimeAgoFormatter.swift in Sources */,
				FA992EDA2CF8BE98007B2EB8 /* FingerPrintAndFaceID.swift in Sources */,
				FA992EDB2CF8BE98007B2EB8 /* UPCarouselFlowLayout.swift in Sources */,
				FA992EDC2CF8BE98007B2EB8 /* RelativeLayoutUtilityClass.swift in Sources */,
				FA992EDD2CF8BE98007B2EB8 /* TimerStartAndStop.swift in Sources */,
				FA992EDE2CF8BE98007B2EB8 /* ContentSizedTableAndCollectionView.swift in Sources */,
				FAD38F2F2D14132200588DFA /* TransactionTypesEnum.swift in Sources */,
				FA992EDF2CF8BE98007B2EB8 /* AppConstants.swift in Sources */,
				FA992EE02CF8BE98007B2EB8 /* ConstantsHeight.swift in Sources */,
				FA992EE12CF8BE98007B2EB8 /* Language.swift in Sources */,
				FA992EE22CF8BE98007B2EB8 /* SetupLanguage.swift in Sources */,
				FA992EE32CF8BE98007B2EB8 /* Enum.swift in Sources */,
				FA992EE42CF8BE98007B2EB8 /* Models.swift in Sources */,
				FA992EE52CF8BE98007B2EB8 /* Int + Extension.swift in Sources */,
				FA992EE62CF8BE98007B2EB8 /* Float + Extension.swift in Sources */,
				FA992EE72CF8BE98007B2EB8 /* String + Extension.swift in Sources */,
				FA992EE82CF8BE98007B2EB8 /* Double + Extension.swift in Sources */,
				FA992EE92CF8BE98007B2EB8 /* UIFont + Extension.swift in Sources */,
				FA992EEA2CF8BE98007B2EB8 /* UIView + Extension.swift in Sources */,
				FA992EEB2CF8BE98007B2EB8 /* UILabel + Extension.swift in Sources */,
				FA992EEC2CF8BE98007B2EB8 /* UIColor + Extension.swift in Sources */,
				FA992EED2CF8BE98007B2EB8 /* UIImage + Extension.swift in Sources */,
				FA992EEE2CF8BE98007B2EB8 /* UIDevice + Extension.swift in Sources */,
				FA992EEF2CF8BE98007B2EB8 /* UITableView + Extension.swift in Sources */,
				FA992EF02CF8BE98007B2EB8 /* UIImageView + Extension.swift in Sources */,
				FA88F1712CF9BD0000B37C73 /* DashedLineView.swift in Sources */,
				FA992EF12CF8BE98007B2EB8 /* UserDefaults + Extension.swift in Sources */,
				FA992EF22CF8BE98007B2EB8 /* UITableViewCell + Extension.swift in Sources */,
				FA992EF32CF8BE98007B2EB8 /* UIViewController + Extension.swift in Sources */,
				FA992EF42CF8BE98007B2EB8 /* UICollectionView + Extension.swift in Sources */,
				FA992EF52CF8BE98007B2EB8 /* UICollectionViewCell + Extension.swift in Sources */,
				FA992EF62CF8BE98007B2EB8 /* UITextField + Extension.swift in Sources */,
				FA992EF72CF8BE98007B2EB8 /* UIButton + Extension.swift in Sources */,
				FA992EF82CF8BE98007B2EB8 /* UIScrollView + Extension.swift in Sources */,
				FA992EF92CF8BE98007B2EB8 /* UINavigationController + Extension.swift in Sources */,
				FA992EFA2CF8BE98007B2EB8 /* NotificationName + Extension.swift in Sources */,
				FA992EFB2CF8BE98007B2EB8 /* CALayer + Extension.swift in Sources */,
				FA992EFC2CF8BE98007B2EB8 /* PageViewController.swift in Sources */,
				FA992EFD2CF8BE98007B2EB8 /* SegmentedView.swift in Sources */,
				FA992EFE2CF8BE98007B2EB8 /* TitleWithValueTableViewCell.swift in Sources */,
				FA992EFF2CF8BE98007B2EB8 /* PageVC.swift in Sources */,
				FA992F002CF8BE98007B2EB8 /* PasscodeVC.swift in Sources */,
				FA992F012CF8BE98007B2EB8 /* CheckmarkView.swift in Sources */,
				FA992F022CF8BE98007B2EB8 /* PresentationStyle.swift in Sources */,
				FA992F032CF8BE98007B2EB8 /* BlurredBackgroundView.swift in Sources */,
				FA992F042CF8BE98007B2EB8 /* BottomSheetViewController.swift in Sources */,
				FA992F052CF8BE98007B2EB8 /* MainPageVC.swift in Sources */,
				FA992F062CF8BE98007B2EB8 /* MainButton.swift in Sources */,
				FA992F072CF8BE98007B2EB8 /* MainTextField.swift in Sources */,
				FA992F082CF8BE98007B2EB8 /* SSPaddingLabel.swift in Sources */,
				FA992F092CF8BE98007B2EB8 /* MoreView.swift in Sources */,
				FA992F0A2CF8BE98007B2EB8 /* OneTimeCodeTextField.swift in Sources */,
				FA992F0B2CF8BE98007B2EB8 /* OneTimeCodeTextFieldDelegate.swift in Sources */,
				FA992F0C2CF8BE98007B2EB8 /* OneTimeCodeTextFieldExtension.swift in Sources */,
				FA992F0D2CF8BE98007B2EB8 /* OriginalTabBarVC.swift in Sources */,
				FA992F0E2CF8BE98007B2EB8 /* CustomTabBarVC.swift in Sources */,
				FA992F0F2CF8BE98007B2EB8 /* CustomTabBarCell.swift in Sources */,
				FA992F102CF8BE98007B2EB8 /* AlertErrorVC.swift in Sources */,
				FA992F112CF8BE98007B2EB8 /* AlertMessage.swift in Sources */,
				FA992F122CF8BE98007B2EB8 /* AlertInternetVC.swift in Sources */,
				FA992F132CF8BE98007B2EB8 /* Note + Read.swift in Sources */,
			);
			runOnlyForDeploymentPostprocessing = 0;
		};
/* End PBXSourcesBuildPhase section */

/* Begin PBXVariantGroup section */
		FA494BA32C69EB9C0086D346 /* Main.storyboard */ = {
			isa = PBXVariantGroup;
			children = (
				FA494BA42C69EB9C0086D346 /* Base */,
				FA7FF8E32CDC712800C824BD /* km */,
				FA7FF8E52CDC71BA00C824BD /* en */,
			);
			name = Main.storyboard;
			sourceTree = "<group>";
		};
		FA494BA82C69EBD70086D346 /* LaunchScreen.storyboard */ = {
			isa = PBXVariantGroup;
			children = (
				FA494BA92C69EBD70086D346 /* Base */,
				FA7FF8EC2CDC729700C824BD /* en */,
			);
			name = LaunchScreen.storyboard;
			sourceTree = "<group>";
		};
		FA7FF8EA2CDC722B00C824BD /* Localizable.strings */ = {
			isa = PBXVariantGroup;
			children = (
				FA7FF8E92CDC722B00C824BD /* km */,
				FA7FF8EB2CDC722D00C824BD /* en */,
			);
			name = Localizable.strings;
			sourceTree = "<group>";
		};
/* End PBXVariantGroup section */

/* Begin XCBuildConfiguration section */
		FA494BAC2C69EBD70086D346 /* Debug */ = {
			isa = XCBuildConfiguration;
			baseConfigurationReference = FA45CE562C92D765000DA118 /* dev.xcconfig */;
			buildSettings = {
				ALWAYS_SEARCH_USER_PATHS = NO;
				ASSETCATALOG_COMPILER_GENERATE_SWIFT_ASSET_SYMBOL_EXTENSIONS = YES;
				CLANG_ANALYZER_LOCALIZABILITY_NONLOCALIZED = YES;
				CLANG_ANALYZER_NONNULL = YES;
				CLANG_ANALYZER_NUMBER_OBJECT_CONVERSION = YES_AGGRESSIVE;
				CLANG_CXX_LANGUAGE_STANDARD = "gnu++20";
				CLANG_ENABLE_MODULES = YES;
				CLANG_ENABLE_OBJC_ARC = YES;
				CLANG_ENABLE_OBJC_WEAK = YES;
				CLANG_WARN_BLOCK_CAPTURE_AUTORELEASING = YES;
				CLANG_WARN_BOOL_CONVERSION = YES;
				CLANG_WARN_COMMA = YES;
				CLANG_WARN_CONSTANT_CONVERSION = YES;
				CLANG_WARN_DEPRECATED_OBJC_IMPLEMENTATIONS = YES;
				CLANG_WARN_DIRECT_OBJC_ISA_USAGE = YES_ERROR;
				CLANG_WARN_DOCUMENTATION_COMMENTS = YES;
				CLANG_WARN_EMPTY_BODY = YES;
				CLANG_WARN_ENUM_CONVERSION = YES;
				CLANG_WARN_INFINITE_RECURSION = YES;
				CLANG_WARN_INT_CONVERSION = YES;
				CLANG_WARN_NON_LITERAL_NULL_CONVERSION = YES;
				CLANG_WARN_OBJC_IMPLICIT_RETAIN_SELF = YES;
				CLANG_WARN_OBJC_LITERAL_CONVERSION = YES;
				CLANG_WARN_OBJC_ROOT_CLASS = YES_ERROR;
				CLANG_WARN_QUOTED_INCLUDE_IN_FRAMEWORK_HEADER = YES;
				CLANG_WARN_RANGE_LOOP_ANALYSIS = YES;
				CLANG_WARN_STRICT_PROTOTYPES = YES;
				CLANG_WARN_SUSPICIOUS_MOVE = YES;
				CLANG_WARN_UNGUARDED_AVAILABILITY = YES_AGGRESSIVE;
				CLANG_WARN_UNREACHABLE_CODE = YES;
				CLANG_WARN__DUPLICATE_METHOD_MATCH = YES;
				COPY_PHASE_STRIP = NO;
				DEBUG_INFORMATION_FORMAT = dwarf;
				ENABLE_STRICT_OBJC_MSGSEND = YES;
				ENABLE_TESTABILITY = YES;
				ENABLE_USER_SCRIPT_SANDBOXING = NO;
				GCC_C_LANGUAGE_STANDARD = gnu17;
				GCC_DYNAMIC_NO_PIC = NO;
				GCC_NO_COMMON_BLOCKS = YES;
				GCC_OPTIMIZATION_LEVEL = 0;
				GCC_PREPROCESSOR_DEFINITIONS = (
					"DEBUG=1",
					"$(inherited)",
				);
				GCC_WARN_64_TO_32_BIT_CONVERSION = YES;
				GCC_WARN_ABOUT_RETURN_TYPE = YES_ERROR;
				GCC_WARN_UNDECLARED_SELECTOR = YES;
				GCC_WARN_UNINITIALIZED_AUTOS = YES_AGGRESSIVE;
				GCC_WARN_UNUSED_FUNCTION = YES;
				GCC_WARN_UNUSED_VARIABLE = YES;
				IPHONEOS_DEPLOYMENT_TARGET = 13.0;
				LOCALIZATION_PREFERS_STRING_CATALOGS = YES;
				MTL_ENABLE_DEBUG_INFO = INCLUDE_SOURCE;
				MTL_FAST_MATH = YES;
				ONLY_ACTIVE_ARCH = YES;
				SDKROOT = iphoneos;
				SWIFT_ACTIVE_COMPILATION_CONDITIONS = "DEBUG $(inherited)";
				SWIFT_OPTIMIZATION_LEVEL = "-Onone";
			};
			name = Debug;
		};
		FA494BAF2C69EBD70086D346 /* Debug */ = {
			isa = XCBuildConfiguration;
			baseConfigurationReference = F6CFEBEE300FFF8CD5631BED /* Pods-CoreStructure_iOS.debug.xcconfig */;
			buildSettings = {
				ASSETCATALOG_COMPILER_APPICON_NAME = AppIcon;
				ASSETCATALOG_COMPILER_GLOBAL_ACCENT_COLOR_NAME = AccentColor;
				ASSETCATALOG_COMPILER_INCLUDE_ALL_APPICON_ASSETS = NO;
				CODE_SIGN_IDENTITY = "Apple Development";
				CODE_SIGN_STYLE = Automatic;
				CURRENT_PROJECT_VERSION = 1;
				DEVELOPMENT_TEAM = HCSG6K6N58;
				GENERATE_INFOPLIST_FILE = YES;
				INFOPLIST_FILE = CoreStructure_iOS/Resources/Info.plist;
				INFOPLIST_KEY_CFBundleDisplayName = Testing;
				INFOPLIST_KEY_NSCameraUsageDescription = "This app requires access to the camera to allow you to take photos and record videos.";
				INFOPLIST_KEY_NSPhotoLibraryUsageDescription = "This app requires access to your photo library to save captured images.";
				INFOPLIST_KEY_UIApplicationSupportsIndirectInputEvents = YES;
				INFOPLIST_KEY_UILaunchStoryboardName = LaunchScreen;
				INFOPLIST_KEY_UIMainStoryboardFile = Main;
				INFOPLIST_KEY_UIStatusBarStyle = UIStatusBarStyleDarkContent;
				INFOPLIST_KEY_UISupportedInterfaceOrientations = UIInterfaceOrientationPortrait;
				INFOPLIST_KEY_UISupportedInterfaceOrientations_iPad = "UIInterfaceOrientationLandscapeLeft UIInterfaceOrientationLandscapeRight UIInterfaceOrientationPortrait UIInterfaceOrientationPortraitUpsideDown";
				IPHONEOS_DEPLOYMENT_TARGET = 16.0;
				LD_RUNPATH_SEARCH_PATHS = (
					"$(inherited)",
					"@executable_path/Frameworks",
				);
				MARKETING_VERSION = 1.0;
				PRODUCT_BUNDLE_IDENTIFIER = "$(BUNDLE_ID)";
				PRODUCT_NAME = "$(TARGET_NAME)";
				PROVISIONING_PROFILE_SPECIFIER = "";
				SUPPORTED_PLATFORMS = "iphoneos iphonesimulator";
				SUPPORTS_MACCATALYST = NO;
				SUPPORTS_MAC_DESIGNED_FOR_IPHONE_IPAD = NO;
				SUPPORTS_XR_DESIGNED_FOR_IPHONE_IPAD = NO;
				SWIFT_EMIT_LOC_STRINGS = YES;
				SWIFT_VERSION = 5.0;
				TARGETED_DEVICE_FAMILY = 1;
			};
			name = Debug;
		};
		FA71B8FE2C81663000139A3A /* Debug aut */ = {
			isa = XCBuildConfiguration;
			baseConfigurationReference = FA45CE572C92D77B000DA118 /* uat.xcconfig */;
			buildSettings = {
				ALWAYS_SEARCH_USER_PATHS = NO;
				ASSETCATALOG_COMPILER_GENERATE_SWIFT_ASSET_SYMBOL_EXTENSIONS = YES;
				CLANG_ANALYZER_LOCALIZABILITY_NONLOCALIZED = YES;
				CLANG_ANALYZER_NONNULL = YES;
				CLANG_ANALYZER_NUMBER_OBJECT_CONVERSION = YES_AGGRESSIVE;
				CLANG_CXX_LANGUAGE_STANDARD = "gnu++20";
				CLANG_ENABLE_MODULES = YES;
				CLANG_ENABLE_OBJC_ARC = YES;
				CLANG_ENABLE_OBJC_WEAK = YES;
				CLANG_WARN_BLOCK_CAPTURE_AUTORELEASING = YES;
				CLANG_WARN_BOOL_CONVERSION = YES;
				CLANG_WARN_COMMA = YES;
				CLANG_WARN_CONSTANT_CONVERSION = YES;
				CLANG_WARN_DEPRECATED_OBJC_IMPLEMENTATIONS = YES;
				CLANG_WARN_DIRECT_OBJC_ISA_USAGE = YES_ERROR;
				CLANG_WARN_DOCUMENTATION_COMMENTS = YES;
				CLANG_WARN_EMPTY_BODY = YES;
				CLANG_WARN_ENUM_CONVERSION = YES;
				CLANG_WARN_INFINITE_RECURSION = YES;
				CLANG_WARN_INT_CONVERSION = YES;
				CLANG_WARN_NON_LITERAL_NULL_CONVERSION = YES;
				CLANG_WARN_OBJC_IMPLICIT_RETAIN_SELF = YES;
				CLANG_WARN_OBJC_LITERAL_CONVERSION = YES;
				CLANG_WARN_OBJC_ROOT_CLASS = YES_ERROR;
				CLANG_WARN_QUOTED_INCLUDE_IN_FRAMEWORK_HEADER = YES;
				CLANG_WARN_RANGE_LOOP_ANALYSIS = YES;
				CLANG_WARN_STRICT_PROTOTYPES = YES;
				CLANG_WARN_SUSPICIOUS_MOVE = YES;
				CLANG_WARN_UNGUARDED_AVAILABILITY = YES_AGGRESSIVE;
				CLANG_WARN_UNREACHABLE_CODE = YES;
				CLANG_WARN__DUPLICATE_METHOD_MATCH = YES;
				COPY_PHASE_STRIP = NO;
				DEBUG_INFORMATION_FORMAT = dwarf;
				ENABLE_STRICT_OBJC_MSGSEND = YES;
				ENABLE_TESTABILITY = YES;
				ENABLE_USER_SCRIPT_SANDBOXING = NO;
				GCC_C_LANGUAGE_STANDARD = gnu17;
				GCC_DYNAMIC_NO_PIC = NO;
				GCC_NO_COMMON_BLOCKS = YES;
				GCC_OPTIMIZATION_LEVEL = 0;
				GCC_PREPROCESSOR_DEFINITIONS = (
					"DEBUG=1",
					"$(inherited)",
				);
				GCC_WARN_64_TO_32_BIT_CONVERSION = YES;
				GCC_WARN_ABOUT_RETURN_TYPE = YES_ERROR;
				GCC_WARN_UNDECLARED_SELECTOR = YES;
				GCC_WARN_UNINITIALIZED_AUTOS = YES_AGGRESSIVE;
				GCC_WARN_UNUSED_FUNCTION = YES;
				GCC_WARN_UNUSED_VARIABLE = YES;
				IPHONEOS_DEPLOYMENT_TARGET = 13.0;
				LOCALIZATION_PREFERS_STRING_CATALOGS = YES;
				MTL_ENABLE_DEBUG_INFO = INCLUDE_SOURCE;
				MTL_FAST_MATH = YES;
				ONLY_ACTIVE_ARCH = YES;
				SDKROOT = iphoneos;
				SWIFT_ACTIVE_COMPILATION_CONDITIONS = "DEBUG $(inherited)";
				SWIFT_OPTIMIZATION_LEVEL = "-Onone";
			};
			name = "Debug aut";
		};
		FA71B8FF2C81663000139A3A /* Debug aut */ = {
			isa = XCBuildConfiguration;
			baseConfigurationReference = D021564CCDC1B6AB16162560 /* Pods-CoreStructure_iOS.debug aut.xcconfig */;
			buildSettings = {
				ASSETCATALOG_COMPILER_APPICON_NAME = AppIcon;
				ASSETCATALOG_COMPILER_GLOBAL_ACCENT_COLOR_NAME = AccentColor;
				ASSETCATALOG_COMPILER_INCLUDE_ALL_APPICON_ASSETS = NO;
				CODE_SIGN_IDENTITY = "Apple Development";
				CODE_SIGN_STYLE = Automatic;
				CURRENT_PROJECT_VERSION = 1;
				DEVELOPMENT_TEAM = HCSG6K6N58;
				GENERATE_INFOPLIST_FILE = YES;
				INFOPLIST_FILE = CoreStructure_iOS/Resources/Info.plist;
				INFOPLIST_KEY_CFBundleDisplayName = Testing;
				INFOPLIST_KEY_NSCameraUsageDescription = "This app requires access to the camera to allow you to take photos and record videos.";
				INFOPLIST_KEY_NSPhotoLibraryUsageDescription = "This app requires access to your photo library to save captured images.";
				INFOPLIST_KEY_UIApplicationSupportsIndirectInputEvents = YES;
				INFOPLIST_KEY_UILaunchStoryboardName = LaunchScreen;
				INFOPLIST_KEY_UIMainStoryboardFile = Main;
				INFOPLIST_KEY_UIStatusBarStyle = UIStatusBarStyleDarkContent;
				INFOPLIST_KEY_UISupportedInterfaceOrientations = UIInterfaceOrientationPortrait;
				INFOPLIST_KEY_UISupportedInterfaceOrientations_iPad = "UIInterfaceOrientationLandscapeLeft UIInterfaceOrientationLandscapeRight UIInterfaceOrientationPortrait UIInterfaceOrientationPortraitUpsideDown";
				IPHONEOS_DEPLOYMENT_TARGET = 16.0;
				LD_RUNPATH_SEARCH_PATHS = (
					"$(inherited)",
					"@executable_path/Frameworks",
				);
				MARKETING_VERSION = 1.0;
				PRODUCT_BUNDLE_IDENTIFIER = "$(BUNDLE_ID)";
				PRODUCT_NAME = "$(TARGET_NAME)";
				PROVISIONING_PROFILE_SPECIFIER = "";
				SUPPORTED_PLATFORMS = "iphoneos iphonesimulator";
				SUPPORTS_MACCATALYST = NO;
				SUPPORTS_MAC_DESIGNED_FOR_IPHONE_IPAD = NO;
				SUPPORTS_XR_DESIGNED_FOR_IPHONE_IPAD = NO;
				SWIFT_EMIT_LOC_STRINGS = YES;
				SWIFT_VERSION = 5.0;
				TARGETED_DEVICE_FAMILY = 1;
			};
			name = "Debug aut";
		};
		FA71B9042C81665100139A3A /* Debug pro */ = {
			isa = XCBuildConfiguration;
			baseConfigurationReference = FA45CE582C92D78B000DA118 /* pro.xcconfig */;
			buildSettings = {
				ALWAYS_SEARCH_USER_PATHS = NO;
				ASSETCATALOG_COMPILER_GENERATE_SWIFT_ASSET_SYMBOL_EXTENSIONS = YES;
				CLANG_ANALYZER_LOCALIZABILITY_NONLOCALIZED = YES;
				CLANG_ANALYZER_NONNULL = YES;
				CLANG_ANALYZER_NUMBER_OBJECT_CONVERSION = YES_AGGRESSIVE;
				CLANG_CXX_LANGUAGE_STANDARD = "gnu++20";
				CLANG_ENABLE_MODULES = YES;
				CLANG_ENABLE_OBJC_ARC = YES;
				CLANG_ENABLE_OBJC_WEAK = YES;
				CLANG_WARN_BLOCK_CAPTURE_AUTORELEASING = YES;
				CLANG_WARN_BOOL_CONVERSION = YES;
				CLANG_WARN_COMMA = YES;
				CLANG_WARN_CONSTANT_CONVERSION = YES;
				CLANG_WARN_DEPRECATED_OBJC_IMPLEMENTATIONS = YES;
				CLANG_WARN_DIRECT_OBJC_ISA_USAGE = YES_ERROR;
				CLANG_WARN_DOCUMENTATION_COMMENTS = YES;
				CLANG_WARN_EMPTY_BODY = YES;
				CLANG_WARN_ENUM_CONVERSION = YES;
				CLANG_WARN_INFINITE_RECURSION = YES;
				CLANG_WARN_INT_CONVERSION = YES;
				CLANG_WARN_NON_LITERAL_NULL_CONVERSION = YES;
				CLANG_WARN_OBJC_IMPLICIT_RETAIN_SELF = YES;
				CLANG_WARN_OBJC_LITERAL_CONVERSION = YES;
				CLANG_WARN_OBJC_ROOT_CLASS = YES_ERROR;
				CLANG_WARN_QUOTED_INCLUDE_IN_FRAMEWORK_HEADER = YES;
				CLANG_WARN_RANGE_LOOP_ANALYSIS = YES;
				CLANG_WARN_STRICT_PROTOTYPES = YES;
				CLANG_WARN_SUSPICIOUS_MOVE = YES;
				CLANG_WARN_UNGUARDED_AVAILABILITY = YES_AGGRESSIVE;
				CLANG_WARN_UNREACHABLE_CODE = YES;
				CLANG_WARN__DUPLICATE_METHOD_MATCH = YES;
				COPY_PHASE_STRIP = NO;
				DEBUG_INFORMATION_FORMAT = dwarf;
				ENABLE_STRICT_OBJC_MSGSEND = YES;
				ENABLE_TESTABILITY = YES;
				ENABLE_USER_SCRIPT_SANDBOXING = NO;
				GCC_C_LANGUAGE_STANDARD = gnu17;
				GCC_DYNAMIC_NO_PIC = NO;
				GCC_NO_COMMON_BLOCKS = YES;
				GCC_OPTIMIZATION_LEVEL = 0;
				GCC_PREPROCESSOR_DEFINITIONS = (
					"DEBUG=1",
					"$(inherited)",
				);
				GCC_WARN_64_TO_32_BIT_CONVERSION = YES;
				GCC_WARN_ABOUT_RETURN_TYPE = YES_ERROR;
				GCC_WARN_UNDECLARED_SELECTOR = YES;
				GCC_WARN_UNINITIALIZED_AUTOS = YES_AGGRESSIVE;
				GCC_WARN_UNUSED_FUNCTION = YES;
				GCC_WARN_UNUSED_VARIABLE = YES;
				IPHONEOS_DEPLOYMENT_TARGET = 13.0;
				LOCALIZATION_PREFERS_STRING_CATALOGS = YES;
				MTL_ENABLE_DEBUG_INFO = INCLUDE_SOURCE;
				MTL_FAST_MATH = YES;
				ONLY_ACTIVE_ARCH = YES;
				SDKROOT = iphoneos;
				SWIFT_ACTIVE_COMPILATION_CONDITIONS = "DEBUG $(inherited)";
				SWIFT_OPTIMIZATION_LEVEL = "-Onone";
			};
			name = "Debug pro";
		};
		FA71B9052C81665100139A3A /* Debug pro */ = {
			isa = XCBuildConfiguration;
			baseConfigurationReference = 21BC12FD561B95697846A1FC /* Pods-CoreStructure_iOS.debug pro.xcconfig */;
			buildSettings = {
				ASSETCATALOG_COMPILER_APPICON_NAME = AppIcon;
				ASSETCATALOG_COMPILER_GLOBAL_ACCENT_COLOR_NAME = AccentColor;
				ASSETCATALOG_COMPILER_INCLUDE_ALL_APPICON_ASSETS = NO;
				CODE_SIGN_IDENTITY = "Apple Development";
				CODE_SIGN_STYLE = Automatic;
				CURRENT_PROJECT_VERSION = 1;
				DEVELOPMENT_TEAM = HCSG6K6N58;
				GENERATE_INFOPLIST_FILE = YES;
				INFOPLIST_FILE = CoreStructure_iOS/Resources/Info.plist;
				INFOPLIST_KEY_CFBundleDisplayName = Testing;
				INFOPLIST_KEY_NSCameraUsageDescription = "This app requires access to the camera to allow you to take photos and record videos.";
				INFOPLIST_KEY_NSPhotoLibraryUsageDescription = "This app requires access to your photo library to save captured images.";
				INFOPLIST_KEY_UIApplicationSupportsIndirectInputEvents = YES;
				INFOPLIST_KEY_UILaunchStoryboardName = LaunchScreen;
				INFOPLIST_KEY_UIMainStoryboardFile = Main;
				INFOPLIST_KEY_UIStatusBarStyle = UIStatusBarStyleDarkContent;
				INFOPLIST_KEY_UISupportedInterfaceOrientations = UIInterfaceOrientationPortrait;
				INFOPLIST_KEY_UISupportedInterfaceOrientations_iPad = "UIInterfaceOrientationLandscapeLeft UIInterfaceOrientationLandscapeRight UIInterfaceOrientationPortrait UIInterfaceOrientationPortraitUpsideDown";
				IPHONEOS_DEPLOYMENT_TARGET = 16.0;
				LD_RUNPATH_SEARCH_PATHS = (
					"$(inherited)",
					"@executable_path/Frameworks",
				);
				MARKETING_VERSION = 1.0;
				PRODUCT_BUNDLE_IDENTIFIER = "$(BUNDLE_ID)";
				PRODUCT_NAME = "$(TARGET_NAME)";
				PROVISIONING_PROFILE_SPECIFIER = "";
				SUPPORTED_PLATFORMS = "iphoneos iphonesimulator";
				SUPPORTS_MACCATALYST = NO;
				SUPPORTS_MAC_DESIGNED_FOR_IPHONE_IPAD = NO;
				SUPPORTS_XR_DESIGNED_FOR_IPHONE_IPAD = NO;
				SWIFT_EMIT_LOC_STRINGS = YES;
				SWIFT_VERSION = 5.0;
				TARGETED_DEVICE_FAMILY = 1;
			};
			name = "Debug pro";
		};
/* End XCBuildConfiguration section */

/* Begin XCConfigurationList section */
		FA494B952C69EB9B0086D346 /* Build configuration list for PBXProject "CoreStructure_iOS" */ = {
			isa = XCConfigurationList;
			buildConfigurations = (
				FA494BAC2C69EBD70086D346 /* Debug */,
				FA71B8FE2C81663000139A3A /* Debug aut */,
				FA71B9042C81665100139A3A /* Debug pro */,
			);
			defaultConfigurationIsVisible = 0;
			defaultConfigurationName = Debug;
		};
		FA494BAE2C69EBD70086D346 /* Build configuration list for PBXNativeTarget "CoreStructure_iOS" */ = {
			isa = XCConfigurationList;
			buildConfigurations = (
				FA494BAF2C69EBD70086D346 /* Debug */,
				FA71B8FF2C81663000139A3A /* Debug aut */,
				FA71B9052C81665100139A3A /* Debug pro */,
			);
			defaultConfigurationIsVisible = 0;
			defaultConfigurationName = Debug;
		};
/* End XCConfigurationList section */
	};
	rootObject = FA494B922C69EB9B0086D346 /* Project object */;
}
